<?xml version="1.0" encoding="utf-8"?>
<Project ToolsVersion="4.0" xmlns="http://schemas.microsoft.com/developer/msbuild/2003">
  <ItemGroup>
    <Filter Include="Resource files">
      <UniqueIdentifier>{f91fe50e-22c0-4366-9362-f214a62e1d70}</UniqueIdentifier>
      <Extensions>rc;ico;cur;bmp;dlg;rc2;rct;bin;rgs;gif;jpg;jpeg;jpe;resx;tiff;tif;png;wav</Extensions>
    </Filter>
    <Filter Include="VisualGDB settings">
      <UniqueIdentifier>{b1b84b93-0037-42f7-aa03-6e5c038fbd14}</UniqueIdentifier>
    </Filter>
    <Filter Include="Core">
      <UniqueIdentifier>{7bf9621f-7792-427b-88be-e045c463c5e7}</UniqueIdentifier>
    </Filter>
    <Filter Include="Drivers">
      <UniqueIdentifier>{439eea9c-1975-4132-a0c1-1ef525bc060b}</UniqueIdentifier>
    </Filter>
    <Filter Include="Drivers\CMSIS">
      <UniqueIdentifier>{75a7b41a-0e48-4d8b-a7a6-148bc4a24618}</UniqueIdentifier>
    </Filter>
    <Filter Include="Drivers\STM32F4xx_HAL_Driver">
      <UniqueIdentifier>{9ac87eaa-bb97-4309-a259-44aac049c4cd}</UniqueIdentifier>
    </Filter>
    <Filter Include="Drivers\CMSIS\Device">
      <UniqueIdentifier>{e1de67a0-2f91-4b17-9a24-87309d639c90}</UniqueIdentifier>
    </Filter>
    <Filter Include="Drivers\CMSIS\Include">
      <UniqueIdentifier>{a06895d6-ef3b-4138-85b8-3cbc7dcfb518}</UniqueIdentifier>
    </Filter>
    <Filter Include="Drivers\STM32F4xx_HAL_Driver\Inc">
      <UniqueIdentifier>{d1cae637-6774-492b-b883-c0daa47013c4}</UniqueIdentifier>
    </Filter>
    <Filter Include="Drivers\STM32F4xx_HAL_Driver\Src">
      <UniqueIdentifier>{39cadd77-bada-4c66-acd8-37c94126bffc}</UniqueIdentifier>
    </Filter>
    <Filter Include="Drivers\STM32F4xx_HAL_Driver\Inc\Legacy">
      <UniqueIdentifier>{fe083779-8814-42f4-b73f-2439d10f86c2}</UniqueIdentifier>
    </Filter>
    <Filter Include="Drivers\CMSIS\Device\ST">
      <UniqueIdentifier>{1228c1e9-9015-4d6a-b3ea-a6dc92c74564}</UniqueIdentifier>
    </Filter>
    <Filter Include="Drivers\CMSIS\Device\ST\STM32F4xx">
      <UniqueIdentifier>{1016a61d-1ade-4320-8e6b-0fbda729507b}</UniqueIdentifier>
    </Filter>
    <Filter Include="Drivers\CMSIS\Device\ST\STM32F4xx\Include">
      <UniqueIdentifier>{e53ebcff-841b-49d4-b057-b55992444ff2}</UniqueIdentifier>
    </Filter>
    <Filter Include="Drivers\CMSIS\Device\ST\STM32F4xx\Source">
      <UniqueIdentifier>{db39fdec-647e-40d5-a0d9-6bdb8b873e33}</UniqueIdentifier>
    </Filter>
    <Filter Include="Pheonix">
      <UniqueIdentifier>{e29c13a0-5e45-4222-931d-dec92d5b4408}</UniqueIdentifier>
    </Filter>
    <Filter Include="Pheonix\TouchLCD">
      <UniqueIdentifier>{05acaf17-1879-460a-873d-5902144de865}</UniqueIdentifier>
    </Filter>
    <Filter Include="Pheonix\TouchLCD\4xx">
      <UniqueIdentifier>{808813a6-b415-4947-93d5-5ec320c7379d}</UniqueIdentifier>
    </Filter>
    <Filter Include="Pheonix\TouchLCD\GUI">
      <UniqueIdentifier>{c52bef55-9978-4ed4-8410-a40c165e63ea}</UniqueIdentifier>
    </Filter>
    <Filter Include="Pheonix\TouchLCD\Drivers">
      <UniqueIdentifier>{d3abf9a5-2e1b-48e5-a591-ec82abbfd784}</UniqueIdentifier>
    </Filter>
    <Filter Include="Pheonix\GPIO">
      <UniqueIdentifier>{caafe3af-304a-4ee5-8bae-e9025f683fd6}</UniqueIdentifier>
    </Filter>
    <Filter Include="Pheonix\SPI">
      <UniqueIdentifier>{ed7f3e59-3c3b-4b34-a898-b09c30019b22}</UniqueIdentifier>
    </Filter>
    <Filter Include="Pheonix\Timer">
      <UniqueIdentifier>{5371ed61-950e-4459-bfb8-6228b5709351}</UniqueIdentifier>
    </Filter>
    <Filter Include="Icons">
      <UniqueIdentifier>{bac1af02-ccb6-4db1-958f-5c4edb7f4f00}</UniqueIdentifier>
    </Filter>
    <Filter Include="UI">
      <UniqueIdentifier>{4f7c0046-188b-4952-add0-22a3efcd401b}</UniqueIdentifier>
    </Filter>
    <Filter Include="lvgl">
      <UniqueIdentifier>{d1e7982e-2c70-4895-99e6-491650d91082}</UniqueIdentifier>
    </Filter>
    <Filter Include="lvgl\src">
      <UniqueIdentifier>{81fb83ec-6cf7-4e17-a37a-e7fb168ebb06}</UniqueIdentifier>
    </Filter>
    <Filter Include="lvgl\src\core">
      <UniqueIdentifier>{2b0232ad-03fc-47c0-b198-6bab973fa0b5}</UniqueIdentifier>
    </Filter>
    <Filter Include="lvgl\src\draw">
      <UniqueIdentifier>{4e72d04e-af3b-4cbb-a01d-02dbcfd0030e}</UniqueIdentifier>
    </Filter>
    <Filter Include="lvgl\src\extra">
      <UniqueIdentifier>{0cae6649-c3b6-4bed-a4df-a0d04a9d1424}</UniqueIdentifier>
    </Filter>
    <Filter Include="lvgl\src\font">
      <UniqueIdentifier>{6c455684-6e21-449b-8211-f2fe645de8e1}</UniqueIdentifier>
    </Filter>
    <Filter Include="lvgl\src\hal">
      <UniqueIdentifier>{11fc26b1-e1f8-4c6c-b828-a82b297d844f}</UniqueIdentifier>
    </Filter>
    <Filter Include="lvgl\src\misc">
      <UniqueIdentifier>{0917a93b-5b16-4ff7-aa9e-2ef3b47b7e7d}</UniqueIdentifier>
    </Filter>
    <Filter Include="lvgl\src\widgets">
      <UniqueIdentifier>{8a53e298-d38f-4929-918e-0f0b0ec28efa}</UniqueIdentifier>
    </Filter>
    <Filter Include="lvgl\src\extra\themes">
      <UniqueIdentifier>{992ae37a-a498-40df-8adc-8fafd6f3df42}</UniqueIdentifier>
    </Filter>
    <Filter Include="lvgl\src\extra\others">
      <UniqueIdentifier>{0c9ea4e5-f305-412c-99cb-e2f2e15ca3d5}</UniqueIdentifier>
    </Filter>
    <Filter Include="lvgl\src\extra\libs">
      <UniqueIdentifier>{6e94eb97-8ef1-447b-9d24-5ad975400d05}</UniqueIdentifier>
    </Filter>
    <Filter Include="lvgl\src\extra\layouts">
      <UniqueIdentifier>{2b7eb8b4-204c-40bc-8f95-d8ecbe5cf140}</UniqueIdentifier>
    </Filter>
    <Filter Include="lvgl\src\extra\widgets">
      <UniqueIdentifier>{a491dc00-5ab6-4434-a187-e3b2b19def5a}</UniqueIdentifier>
    </Filter>
  </ItemGroup>
  <ItemGroup>
    <None Include="BiquOperatorPanel-Debug.vgdbsettings">
      <Filter>VisualGDB settings</Filter>
    </None>
    <None Include="BiquOperatorPanel-Release.vgdbsettings">
      <Filter>VisualGDB settings</Filter>
    </None>
    <None Include="stm32.xml">
      <Filter>VisualGDB settings</Filter>
    </None>
    <ClCompile Include="Core\main.c">
      <Filter>Core</Filter>
    </ClCompile>
  </ItemGroup>
  <ItemGroup>
    <ClInclude Include="Core\main.h">
      <Filter>Core</Filter>
    </ClInclude>
    <ClInclude Include="Drivers\CMSIS\Device\ST\STM32F4xx\Include\stm32f407xx.h">
      <Filter>Drivers\CMSIS\Device\ST\STM32F4xx\Include</Filter>
    </ClInclude>
    <ClInclude Include="Drivers\CMSIS\Device\ST\STM32F4xx\Include\stm32f4xx.h">
      <Filter>Drivers\CMSIS\Device\ST\STM32F4xx\Include</Filter>
    </ClInclude>
    <ClInclude Include="Drivers\CMSIS\Device\ST\STM32F4xx\Include\system_stm32f4xx.h">
      <Filter>Drivers\CMSIS\Device\ST\STM32F4xx\Include</Filter>
    </ClInclude>
    <ClInclude Include="Drivers\CMSIS\Include\cmsis_armcc.h">
      <Filter>Drivers\CMSIS\Include</Filter>
    </ClInclude>
    <ClInclude Include="Drivers\CMSIS\Include\cmsis_armclang.h">
      <Filter>Drivers\CMSIS\Include</Filter>
    </ClInclude>
    <ClInclude Include="Drivers\CMSIS\Include\cmsis_compiler.h">
      <Filter>Drivers\CMSIS\Include</Filter>
    </ClInclude>
    <ClInclude Include="Drivers\CMSIS\Include\cmsis_gcc.h">
      <Filter>Drivers\CMSIS\Include</Filter>
    </ClInclude>
    <ClInclude Include="Drivers\CMSIS\Include\cmsis_iccarm.h">
      <Filter>Drivers\CMSIS\Include</Filter>
    </ClInclude>
    <ClInclude Include="Drivers\CMSIS\Include\cmsis_version.h">
      <Filter>Drivers\CMSIS\Include</Filter>
    </ClInclude>
    <ClInclude Include="Drivers\CMSIS\Include\core_armv8mbl.h">
      <Filter>Drivers\CMSIS\Include</Filter>
    </ClInclude>
    <ClInclude Include="Drivers\CMSIS\Include\core_armv8mml.h">
      <Filter>Drivers\CMSIS\Include</Filter>
    </ClInclude>
    <ClInclude Include="Drivers\CMSIS\Include\core_cm0.h">
      <Filter>Drivers\CMSIS\Include</Filter>
    </ClInclude>
    <ClInclude Include="Drivers\CMSIS\Include\core_cm0plus.h">
      <Filter>Drivers\CMSIS\Include</Filter>
    </ClInclude>
    <ClInclude Include="Drivers\CMSIS\Include\core_cm1.h">
      <Filter>Drivers\CMSIS\Include</Filter>
    </ClInclude>
    <ClInclude Include="Drivers\CMSIS\Include\core_cm23.h">
      <Filter>Drivers\CMSIS\Include</Filter>
    </ClInclude>
    <ClInclude Include="Drivers\CMSIS\Include\core_cm3.h">
      <Filter>Drivers\CMSIS\Include</Filter>
    </ClInclude>
    <ClInclude Include="Drivers\CMSIS\Include\core_cm33.h">
      <Filter>Drivers\CMSIS\Include</Filter>
    </ClInclude>
    <ClInclude Include="Drivers\CMSIS\Include\core_cm4.h">
      <Filter>Drivers\CMSIS\Include</Filter>
    </ClInclude>
    <ClInclude Include="Drivers\CMSIS\Include\core_cm7.h">
      <Filter>Drivers\CMSIS\Include</Filter>
    </ClInclude>
    <ClInclude Include="Drivers\CMSIS\Include\core_sc000.h">
      <Filter>Drivers\CMSIS\Include</Filter>
    </ClInclude>
    <ClInclude Include="Drivers\CMSIS\Include\core_sc300.h">
      <Filter>Drivers\CMSIS\Include</Filter>
    </ClInclude>
    <ClInclude Include="Drivers\CMSIS\Include\mpu_armv7.h">
      <Filter>Drivers\CMSIS\Include</Filter>
    </ClInclude>
    <ClInclude Include="Drivers\CMSIS\Include\mpu_armv8.h">
      <Filter>Drivers\CMSIS\Include</Filter>
    </ClInclude>
    <ClInclude Include="Drivers\CMSIS\Include\tz_context.h">
      <Filter>Drivers\CMSIS\Include</Filter>
    </ClInclude>
    <ClInclude Include="Pheonix\TouchLCD\4xx\TouchLCD_4xx.h">
      <Filter>Pheonix\TouchLCD\4xx</Filter>
    </ClInclude>
    <ClInclude Include="Core\stm32f4xx_hal_conf.h">
      <Filter>Core</Filter>
    </ClInclude>
    <ClInclude Include="Core\stm32f4xx_it.h">
      <Filter>Core</Filter>
    </ClInclude>
    <ClInclude Include="Drivers\STM32F4xx_HAL_Driver\Inc\stm32f4xx_hal.h">
      <Filter>Drivers\STM32F4xx_HAL_Driver\Inc</Filter>
    </ClInclude>
    <ClInclude Include="Drivers\STM32F4xx_HAL_Driver\Inc\stm32f4xx_hal_adc.h">
      <Filter>Drivers\STM32F4xx_HAL_Driver\Inc</Filter>
    </ClInclude>
    <ClInclude Include="Drivers\STM32F4xx_HAL_Driver\Inc\stm32f4xx_hal_adc_ex.h">
      <Filter>Drivers\STM32F4xx_HAL_Driver\Inc</Filter>
    </ClInclude>
    <ClInclude Include="Drivers\STM32F4xx_HAL_Driver\Inc\stm32f4xx_hal_cortex.h">
      <Filter>Drivers\STM32F4xx_HAL_Driver\Inc</Filter>
    </ClInclude>
    <ClInclude Include="Drivers\STM32F4xx_HAL_Driver\Inc\stm32f4xx_hal_dac.h">
      <Filter>Drivers\STM32F4xx_HAL_Driver\Inc</Filter>
    </ClInclude>
    <ClInclude Include="Drivers\STM32F4xx_HAL_Driver\Inc\stm32f4xx_hal_dac_ex.h">
      <Filter>Drivers\STM32F4xx_HAL_Driver\Inc</Filter>
    </ClInclude>
    <ClInclude Include="Drivers\STM32F4xx_HAL_Driver\Inc\stm32f4xx_hal_def.h">
      <Filter>Drivers\STM32F4xx_HAL_Driver\Inc</Filter>
    </ClInclude>
    <ClInclude Include="Drivers\STM32F4xx_HAL_Driver\Inc\stm32f4xx_hal_dma.h">
      <Filter>Drivers\STM32F4xx_HAL_Driver\Inc</Filter>
    </ClInclude>
    <ClInclude Include="Drivers\STM32F4xx_HAL_Driver\Inc\stm32f4xx_hal_dma_ex.h">
      <Filter>Drivers\STM32F4xx_HAL_Driver\Inc</Filter>
    </ClInclude>
    <ClInclude Include="Drivers\STM32F4xx_HAL_Driver\Inc\stm32f4xx_hal_exti.h">
      <Filter>Drivers\STM32F4xx_HAL_Driver\Inc</Filter>
    </ClInclude>
    <ClInclude Include="Drivers\STM32F4xx_HAL_Driver\Inc\stm32f4xx_hal_flash.h">
      <Filter>Drivers\STM32F4xx_HAL_Driver\Inc</Filter>
    </ClInclude>
    <ClInclude Include="Drivers\STM32F4xx_HAL_Driver\Inc\stm32f4xx_hal_flash_ex.h">
      <Filter>Drivers\STM32F4xx_HAL_Driver\Inc</Filter>
    </ClInclude>
    <ClInclude Include="Drivers\STM32F4xx_HAL_Driver\Inc\stm32f4xx_hal_flash_ramfunc.h">
      <Filter>Drivers\STM32F4xx_HAL_Driver\Inc</Filter>
    </ClInclude>
    <ClInclude Include="Drivers\STM32F4xx_HAL_Driver\Inc\stm32f4xx_hal_gpio.h">
      <Filter>Drivers\STM32F4xx_HAL_Driver\Inc</Filter>
    </ClInclude>
    <ClInclude Include="Drivers\STM32F4xx_HAL_Driver\Inc\stm32f4xx_hal_gpio_ex.h">
      <Filter>Drivers\STM32F4xx_HAL_Driver\Inc</Filter>
    </ClInclude>
    <ClInclude Include="Drivers\STM32F4xx_HAL_Driver\Inc\stm32f4xx_hal_pcd.h">
      <Filter>Drivers\STM32F4xx_HAL_Driver\Inc</Filter>
    </ClInclude>
    <ClInclude Include="Drivers\STM32F4xx_HAL_Driver\Inc\stm32f4xx_hal_pcd_ex.h">
      <Filter>Drivers\STM32F4xx_HAL_Driver\Inc</Filter>
    </ClInclude>
    <ClInclude Include="Drivers\STM32F4xx_HAL_Driver\Inc\stm32f4xx_hal_pwr.h">
      <Filter>Drivers\STM32F4xx_HAL_Driver\Inc</Filter>
    </ClInclude>
    <ClInclude Include="Drivers\STM32F4xx_HAL_Driver\Inc\stm32f4xx_hal_pwr_ex.h">
      <Filter>Drivers\STM32F4xx_HAL_Driver\Inc</Filter>
    </ClInclude>
    <ClInclude Include="Drivers\STM32F4xx_HAL_Driver\Inc\stm32f4xx_hal_rcc.h">
      <Filter>Drivers\STM32F4xx_HAL_Driver\Inc</Filter>
    </ClInclude>
    <ClInclude Include="Drivers\STM32F4xx_HAL_Driver\Inc\stm32f4xx_hal_rcc_ex.h">
      <Filter>Drivers\STM32F4xx_HAL_Driver\Inc</Filter>
    </ClInclude>
    <ClInclude Include="Drivers\STM32F4xx_HAL_Driver\Inc\stm32f4xx_hal_spi.h">
      <Filter>Drivers\STM32F4xx_HAL_Driver\Inc</Filter>
    </ClInclude>
    <ClInclude Include="Drivers\STM32F4xx_HAL_Driver\Inc\stm32f4xx_hal_sram.h">
      <Filter>Drivers\STM32F4xx_HAL_Driver\Inc</Filter>
    </ClInclude>
    <ClInclude Include="Drivers\STM32F4xx_HAL_Driver\Inc\stm32f4xx_hal_tim.h">
      <Filter>Drivers\STM32F4xx_HAL_Driver\Inc</Filter>
    </ClInclude>
    <ClInclude Include="Drivers\STM32F4xx_HAL_Driver\Inc\stm32f4xx_hal_tim_ex.h">
      <Filter>Drivers\STM32F4xx_HAL_Driver\Inc</Filter>
    </ClInclude>
    <ClInclude Include="Drivers\STM32F4xx_HAL_Driver\Inc\stm32f4xx_hal_uart.h">
      <Filter>Drivers\STM32F4xx_HAL_Driver\Inc</Filter>
    </ClInclude>
    <ClInclude Include="Drivers\STM32F4xx_HAL_Driver\Inc\stm32f4xx_ll_adc.h">
      <Filter>Drivers\STM32F4xx_HAL_Driver\Inc</Filter>
    </ClInclude>
    <ClInclude Include="Drivers\STM32F4xx_HAL_Driver\Inc\stm32f4xx_ll_bus.h">
      <Filter>Drivers\STM32F4xx_HAL_Driver\Inc</Filter>
    </ClInclude>
    <ClInclude Include="Drivers\STM32F4xx_HAL_Driver\Inc\stm32f4xx_ll_cortex.h">
      <Filter>Drivers\STM32F4xx_HAL_Driver\Inc</Filter>
    </ClInclude>
    <ClInclude Include="Drivers\STM32F4xx_HAL_Driver\Inc\stm32f4xx_ll_dac.h">
      <Filter>Drivers\STM32F4xx_HAL_Driver\Inc</Filter>
    </ClInclude>
    <ClInclude Include="Drivers\STM32F4xx_HAL_Driver\Inc\stm32f4xx_ll_dma.h">
      <Filter>Drivers\STM32F4xx_HAL_Driver\Inc</Filter>
    </ClInclude>
    <ClInclude Include="Drivers\STM32F4xx_HAL_Driver\Inc\stm32f4xx_ll_exti.h">
      <Filter>Drivers\STM32F4xx_HAL_Driver\Inc</Filter>
    </ClInclude>
    <ClInclude Include="Drivers\STM32F4xx_HAL_Driver\Inc\stm32f4xx_ll_fsmc.h">
      <Filter>Drivers\STM32F4xx_HAL_Driver\Inc</Filter>
    </ClInclude>
    <ClInclude Include="Drivers\STM32F4xx_HAL_Driver\Inc\stm32f4xx_ll_gpio.h">
      <Filter>Drivers\STM32F4xx_HAL_Driver\Inc</Filter>
    </ClInclude>
    <ClInclude Include="Drivers\STM32F4xx_HAL_Driver\Inc\stm32f4xx_ll_pwr.h">
      <Filter>Drivers\STM32F4xx_HAL_Driver\Inc</Filter>
    </ClInclude>
    <ClInclude Include="Drivers\STM32F4xx_HAL_Driver\Inc\stm32f4xx_ll_rcc.h">
      <Filter>Drivers\STM32F4xx_HAL_Driver\Inc</Filter>
    </ClInclude>
    <ClInclude Include="Drivers\STM32F4xx_HAL_Driver\Inc\stm32f4xx_ll_system.h">
      <Filter>Drivers\STM32F4xx_HAL_Driver\Inc</Filter>
    </ClInclude>
    <ClInclude Include="Drivers\STM32F4xx_HAL_Driver\Inc\stm32f4xx_ll_tim.h">
      <Filter>Drivers\STM32F4xx_HAL_Driver\Inc</Filter>
    </ClInclude>
    <ClInclude Include="Drivers\STM32F4xx_HAL_Driver\Inc\stm32f4xx_ll_usart.h">
      <Filter>Drivers\STM32F4xx_HAL_Driver\Inc</Filter>
    </ClInclude>
    <ClInclude Include="Drivers\STM32F4xx_HAL_Driver\Inc\stm32f4xx_ll_usb.h">
      <Filter>Drivers\STM32F4xx_HAL_Driver\Inc</Filter>
    </ClInclude>
    <ClInclude Include="Drivers\STM32F4xx_HAL_Driver\Inc\stm32f4xx_ll_utils.h">
      <Filter>Drivers\STM32F4xx_HAL_Driver\Inc</Filter>
    </ClInclude>
    <ClInclude Include="Drivers\STM32F4xx_HAL_Driver\Inc\Legacy\stm32_hal_legacy.h">
      <Filter>Drivers\STM32F4xx_HAL_Driver\Inc\Legacy</Filter>
    </ClInclude>
    <ClInclude Include="Pheonix\TouchLCD\GUI\gui.h">
      <Filter>Pheonix\TouchLCD\GUI</Filter>
    </ClInclude>
    <ClInclude Include="Pheonix\TouchLCD\lcd.h">
      <Filter>Pheonix\TouchLCD</Filter>
    </ClInclude>
    <ClInclude Include="Pheonix\TouchLCD\Drivers\SSD1963.h">
      <Filter>Pheonix\TouchLCD\Drivers</Filter>
    </ClInclude>
    <ClInclude Include="Pheonix\configure.h">
      <Filter>Pheonix</Filter>
    </ClInclude>
    <ClInclude Include="Pheonix\global.h">
      <Filter>Pheonix</Filter>
    </ClInclude>
    <ClInclude Include="Pheonix\TouchLCD\lcd_dma.h">
      <Filter>Pheonix\TouchLCD</Filter>
    </ClInclude>
    <ClInclude Include="Pheonix\SPI\spi.h">
      <Filter>Pheonix\SPI</Filter>
    </ClInclude>
    <ClInclude Include="Pheonix\SPI\w25qxx.h">
      <Filter>Pheonix\SPI</Filter>
    </ClInclude>
    <ClInclude Include="Pheonix\GPIO\GPIO_Init.h">
      <Filter>Pheonix\GPIO</Filter>
    </ClInclude>
    <ClInclude Include="Pheonix\GPIO\pins.h">
      <Filter>Pheonix\GPIO</Filter>
    </ClInclude>
    <ClInclude Include="Pheonix\GPIO\pinout.h">
      <Filter>Pheonix\GPIO</Filter>
    </ClInclude>
    <ClInclude Include="Pheonix\SPI\xpt2046.h">
      <Filter>Pheonix\SPI</Filter>
    </ClInclude>
    <ClInclude Include="Pheonix\SPI\sw_spi.h">
      <Filter>Pheonix\SPI</Filter>
    </ClInclude>
    <ClInclude Include="Pheonix\Timer\timer_pwm.h">
      <Filter>Pheonix\Timer</Filter>
    </ClInclude>
    <ClInclude Include="Pheonix\TouchLCD\GUI\font.h">
      <Filter>Pheonix\TouchLCD\GUI</Filter>
    </ClInclude>
    <ClInclude Include="Pheonix\TouchLCD\GUI\display.h">
      <Filter>Pheonix\TouchLCD\GUI</Filter>
    </ClInclude>
    <ClInclude Include="Pheonix\TouchLCD\GUI\DisplayList.h">
      <Filter>Pheonix\TouchLCD\GUI</Filter>
    </ClInclude>
    <ClInclude Include="resource.h" />
    <ClInclude Include="resource1.h" />
    <ClInclude Include="ICONS\icons.h">
      <Filter>Icons</Filter>
    </ClInclude>
    <ClInclude Include="Pheonix\TouchLCD\GUI\MainView.h">
      <Filter>Pheonix\TouchLCD\GUI</Filter>
    </ClInclude>
    <ClInclude Include="Pheonix\UI\ui.h">
      <Filter>UI</Filter>
    </ClInclude>
    <ClInclude Include="Pheonix\UI\ui_helpers.h">
      <Filter>UI</Filter>
    </ClInclude>
    <ClInclude Include="lvgl\lvgl.h">
      <Filter>lvgl</Filter>
    </ClInclude>
    <ClInclude Include="lvgl\lv_conf.h">
      <Filter>lvgl</Filter>
    </ClInclude>
    <ClInclude Include="lvgl\src\core\lv_obj_pos.h">
      <Filter>lvgl\src\core</Filter>
    </ClInclude>
    <ClInclude Include="lvgl\src\core\lv_obj_scroll.h">
      <Filter>lvgl\src\core</Filter>
    </ClInclude>
    <ClInclude Include="lvgl\src\core\lv_obj_style.h">
      <Filter>lvgl\src\core</Filter>
    </ClInclude>
    <ClInclude Include="lvgl\src\core\lv_obj_style_gen.h">
      <Filter>lvgl\src\core</Filter>
    </ClInclude>
    <ClInclude Include="lvgl\src\core\lv_obj_tree.h">
      <Filter>lvgl\src\core</Filter>
    </ClInclude>
    <ClInclude Include="lvgl\src\core\lv_refr.h">
      <Filter>lvgl\src\core</Filter>
    </ClInclude>
    <ClInclude Include="lvgl\src\core\lv_theme.h">
      <Filter>lvgl\src\core</Filter>
    </ClInclude>
    <ClInclude Include="lvgl\src\core\lv_disp.h">
      <Filter>lvgl\src\core</Filter>
    </ClInclude>
    <ClInclude Include="lvgl\src\core\lv_event.h">
      <Filter>lvgl\src\core</Filter>
    </ClInclude>
    <ClInclude Include="lvgl\src\core\lv_group.h">
      <Filter>lvgl\src\core</Filter>
    </ClInclude>
    <ClInclude Include="lvgl\src\core\lv_indev.h">
      <Filter>lvgl\src\core</Filter>
    </ClInclude>
    <ClInclude Include="lvgl\src\core\lv_indev_scroll.h">
      <Filter>lvgl\src\core</Filter>
    </ClInclude>
    <ClInclude Include="lvgl\src\core\lv_obj.h">
      <Filter>lvgl\src\core</Filter>
    </ClInclude>
    <ClInclude Include="lvgl\src\core\lv_obj_class.h">
      <Filter>lvgl\src\core</Filter>
    </ClInclude>
    <ClInclude Include="lvgl\src\core\lv_obj_draw.h">
      <Filter>lvgl\src\core</Filter>
    </ClInclude>
    <ClInclude Include="lvgl\src\draw\lv_draw_transform.h">
      <Filter>lvgl\src\draw</Filter>
    </ClInclude>
    <ClInclude Include="lvgl\src\draw\lv_draw_triangle.h">
      <Filter>lvgl\src\draw</Filter>
    </ClInclude>
    <ClInclude Include="lvgl\src\draw\lv_img_buf.h">
      <Filter>lvgl\src\draw</Filter>
    </ClInclude>
    <ClInclude Include="lvgl\src\draw\lv_img_cache.h">
      <Filter>lvgl\src\draw</Filter>
    </ClInclude>
    <ClInclude Include="lvgl\src\draw\lv_img_decoder.h">
      <Filter>lvgl\src\draw</Filter>
    </ClInclude>
    <ClInclude Include="lvgl\src\draw\lv_draw.h">
      <Filter>lvgl\src\draw</Filter>
    </ClInclude>
    <ClInclude Include="lvgl\src\draw\lv_draw_arc.h">
      <Filter>lvgl\src\draw</Filter>
    </ClInclude>
    <ClInclude Include="lvgl\src\draw\lv_draw_img.h">
      <Filter>lvgl\src\draw</Filter>
    </ClInclude>
    <ClInclude Include="lvgl\src\draw\lv_draw_label.h">
      <Filter>lvgl\src\draw</Filter>
    </ClInclude>
    <ClInclude Include="lvgl\src\draw\lv_draw_layer.h">
      <Filter>lvgl\src\draw</Filter>
    </ClInclude>
    <ClInclude Include="lvgl\src\draw\lv_draw_line.h">
      <Filter>lvgl\src\draw</Filter>
    </ClInclude>
    <ClInclude Include="lvgl\src\draw\lv_draw_mask.h">
      <Filter>lvgl\src\draw</Filter>
    </ClInclude>
    <ClInclude Include="lvgl\src\draw\lv_draw_rect.h">
      <Filter>lvgl\src\draw</Filter>
    </ClInclude>
    <ClInclude Include="lvgl\src\extra\lv_extra.h">
      <Filter>lvgl\src\extra</Filter>
    </ClInclude>
    <ClInclude Include="lvgl\src\font\lv_font_loader.h">
      <Filter>lvgl\src\font</Filter>
    </ClInclude>
    <ClInclude Include="lvgl\src\font\lv_symbol_def.h">
      <Filter>lvgl\src\font</Filter>
    </ClInclude>
    <ClInclude Include="lvgl\src\font\lv_font.h">
      <Filter>lvgl\src\font</Filter>
    </ClInclude>
    <ClInclude Include="lvgl\src\font\lv_font_fmt_txt.h">
      <Filter>lvgl\src\font</Filter>
    </ClInclude>
    <ClInclude Include="lvgl\src\hal\lv_hal_indev.h">
      <Filter>lvgl\src\hal</Filter>
    </ClInclude>
    <ClInclude Include="lvgl\src\hal\lv_hal_tick.h">
      <Filter>lvgl\src\hal</Filter>
    </ClInclude>
    <ClInclude Include="lvgl\src\hal\lv_hal.h">
      <Filter>lvgl\src\hal</Filter>
    </ClInclude>
    <ClInclude Include="lvgl\src\hal\lv_hal_disp.h">
      <Filter>lvgl\src\hal</Filter>
    </ClInclude>
    <ClInclude Include="lvgl\src\misc\lv_anim.h">
      <Filter>lvgl\src\misc</Filter>
    </ClInclude>
    <ClInclude Include="lvgl\src\misc\lv_anim_timeline.h">
      <Filter>lvgl\src\misc</Filter>
    </ClInclude>
    <ClInclude Include="lvgl\src\misc\lv_area.h">
      <Filter>lvgl\src\misc</Filter>
    </ClInclude>
    <ClInclude Include="lvgl\src\misc\lv_assert.h">
      <Filter>lvgl\src\misc</Filter>
    </ClInclude>
    <ClInclude Include="lvgl\src\misc\lv_async.h">
      <Filter>lvgl\src\misc</Filter>
    </ClInclude>
    <ClInclude Include="lvgl\src\misc\lv_bidi.h">
      <Filter>lvgl\src\misc</Filter>
    </ClInclude>
    <ClInclude Include="lvgl\src\misc\lv_color.h">
      <Filter>lvgl\src\misc</Filter>
    </ClInclude>
    <ClInclude Include="lvgl\src\misc\lv_fs.h">
      <Filter>lvgl\src\misc</Filter>
    </ClInclude>
    <ClInclude Include="lvgl\src\misc\lv_gc.h">
      <Filter>lvgl\src\misc</Filter>
    </ClInclude>
    <ClInclude Include="lvgl\src\misc\lv_ll.h">
      <Filter>lvgl\src\misc</Filter>
    </ClInclude>
    <ClInclude Include="lvgl\src\misc\lv_log.h">
      <Filter>lvgl\src\misc</Filter>
    </ClInclude>
    <ClInclude Include="lvgl\src\misc\lv_lru.h">
      <Filter>lvgl\src\misc</Filter>
    </ClInclude>
    <ClInclude Include="lvgl\src\misc\lv_math.h">
      <Filter>lvgl\src\misc</Filter>
    </ClInclude>
    <ClInclude Include="lvgl\src\misc\lv_mem.h">
      <Filter>lvgl\src\misc</Filter>
    </ClInclude>
    <ClInclude Include="lvgl\src\misc\lv_printf.h">
      <Filter>lvgl\src\misc</Filter>
    </ClInclude>
    <ClInclude Include="lvgl\src\misc\lv_style.h">
      <Filter>lvgl\src\misc</Filter>
    </ClInclude>
    <ClInclude Include="lvgl\src\misc\lv_style_gen.h">
      <Filter>lvgl\src\misc</Filter>
    </ClInclude>
    <ClInclude Include="lvgl\src\misc\lv_templ.h">
      <Filter>lvgl\src\misc</Filter>
    </ClInclude>
    <ClInclude Include="lvgl\src\misc\lv_timer.h">
      <Filter>lvgl\src\misc</Filter>
    </ClInclude>
    <ClInclude Include="lvgl\src\misc\lv_tlsf.h">
      <Filter>lvgl\src\misc</Filter>
    </ClInclude>
    <ClInclude Include="lvgl\src\misc\lv_txt.h">
      <Filter>lvgl\src\misc</Filter>
    </ClInclude>
    <ClInclude Include="lvgl\src\misc\lv_txt_ap.h">
      <Filter>lvgl\src\misc</Filter>
    </ClInclude>
    <ClInclude Include="lvgl\src\misc\lv_types.h">
      <Filter>lvgl\src\misc</Filter>
    </ClInclude>
    <ClInclude Include="lvgl\src\misc\lv_utils.h">
      <Filter>lvgl\src\misc</Filter>
    </ClInclude>
    <ClInclude Include="lvgl\src\widgets\lv_table.h">
      <Filter>lvgl\src\widgets</Filter>
    </ClInclude>
    <ClInclude Include="lvgl\src\widgets\lv_textarea.h">
      <Filter>lvgl\src\widgets</Filter>
    </ClInclude>
    <ClInclude Include="lvgl\src\widgets\lv_arc.h">
      <Filter>lvgl\src\widgets</Filter>
    </ClInclude>
    <ClInclude Include="lvgl\src\widgets\lv_bar.h">
      <Filter>lvgl\src\widgets</Filter>
    </ClInclude>
    <ClInclude Include="lvgl\src\widgets\lv_btn.h">
      <Filter>lvgl\src\widgets</Filter>
    </ClInclude>
    <ClInclude Include="lvgl\src\widgets\lv_btnmatrix.h">
      <Filter>lvgl\src\widgets</Filter>
    </ClInclude>
    <ClInclude Include="lvgl\src\widgets\lv_canvas.h">
      <Filter>lvgl\src\widgets</Filter>
    </ClInclude>
    <ClInclude Include="lvgl\src\widgets\lv_checkbox.h">
      <Filter>lvgl\src\widgets</Filter>
    </ClInclude>
    <ClInclude Include="lvgl\src\widgets\lv_dropdown.h">
      <Filter>lvgl\src\widgets</Filter>
    </ClInclude>
    <ClInclude Include="lvgl\src\widgets\lv_img.h">
      <Filter>lvgl\src\widgets</Filter>
    </ClInclude>
    <ClInclude Include="lvgl\src\widgets\lv_label.h">
      <Filter>lvgl\src\widgets</Filter>
    </ClInclude>
    <ClInclude Include="lvgl\src\widgets\lv_line.h">
      <Filter>lvgl\src\widgets</Filter>
    </ClInclude>
    <ClInclude Include="lvgl\src\widgets\lv_objx_templ.h">
      <Filter>lvgl\src\widgets</Filter>
    </ClInclude>
    <ClInclude Include="lvgl\src\widgets\lv_roller.h">
      <Filter>lvgl\src\widgets</Filter>
    </ClInclude>
    <ClInclude Include="lvgl\src\widgets\lv_slider.h">
      <Filter>lvgl\src\widgets</Filter>
    </ClInclude>
    <ClInclude Include="lvgl\src\widgets\lv_switch.h">
      <Filter>lvgl\src\widgets</Filter>
    </ClInclude>
    <ClInclude Include="lvgl\src\extra\themes\lv_themes.h">
      <Filter>lvgl\src\extra\themes</Filter>
    </ClInclude>
    <ClInclude Include="lvgl\src\extra\themes\mono\lv_theme_mono.h">
      <Filter>lvgl\src\extra\themes</Filter>
    </ClInclude>
    <ClInclude Include="lvgl\src\extra\themes\basic\lv_theme_basic.h">
      <Filter>lvgl\src\extra\themes</Filter>
    </ClInclude>
    <ClInclude Include="lvgl\src\extra\themes\default\lv_theme_default.h">
      <Filter>lvgl\src\extra\themes</Filter>
    </ClInclude>
    <ClInclude Include="lvgl\src\extra\others\ime\lv_ime_pinyin.h">
      <Filter>lvgl\src\extra\others</Filter>
    </ClInclude>
    <ClInclude Include="lvgl\src\extra\others\imgfont\lv_imgfont.h">
      <Filter>lvgl\src\extra\others</Filter>
    </ClInclude>
    <ClInclude Include="lvgl\src\extra\others\monkey\lv_monkey.h">
      <Filter>lvgl\src\extra\others</Filter>
    </ClInclude>
    <ClInclude Include="lvgl\src\extra\others\msg\lv_msg.h">
      <Filter>lvgl\src\extra\others</Filter>
    </ClInclude>
    <ClInclude Include="lvgl\src\extra\others\snapshot\lv_snapshot.h">
      <Filter>lvgl\src\extra\others</Filter>
    </ClInclude>
    <ClInclude Include="lvgl\src\extra\others\lv_others.h">
      <Filter>lvgl\src\extra\others</Filter>
    </ClInclude>
    <ClInclude Include="lvgl\src\extra\others\fragment\lv_fragment.h">
      <Filter>lvgl\src\extra\others</Filter>
    </ClInclude>
    <ClInclude Include="lvgl\src\extra\others\gridnav\lv_gridnav.h">
      <Filter>lvgl\src\extra\others</Filter>
    </ClInclude>
    <ClInclude Include="lvgl\src\extra\libs\gif\gifdec.h">
      <Filter>lvgl\src\extra\libs</Filter>
    </ClInclude>
    <ClInclude Include="lvgl\src\extra\libs\gif\lv_gif.h">
      <Filter>lvgl\src\extra\libs</Filter>
    </ClInclude>
    <ClInclude Include="lvgl\src\extra\libs\png\lodepng.h">
      <Filter>lvgl\src\extra\libs</Filter>
    </ClInclude>
    <ClInclude Include="lvgl\src\extra\libs\png\lv_png.h">
      <Filter>lvgl\src\extra\libs</Filter>
    </ClInclude>
    <ClInclude Include="lvgl\src\extra\libs\qrcode\lv_qrcode.h">
      <Filter>lvgl\src\extra\libs</Filter>
    </ClInclude>
    <ClInclude Include="lvgl\src\extra\libs\qrcode\qrcodegen.h">
      <Filter>lvgl\src\extra\libs</Filter>
    </ClInclude>
    <ClInclude Include="lvgl\src\extra\libs\rlottie\lv_rlottie.h">
      <Filter>lvgl\src\extra\libs</Filter>
    </ClInclude>
    <ClInclude Include="lvgl\src\extra\libs\sjpg\lv_sjpg.h">
      <Filter>lvgl\src\extra\libs</Filter>
    </ClInclude>
    <ClInclude Include="lvgl\src\extra\libs\sjpg\tjpgd.h">
      <Filter>lvgl\src\extra\libs</Filter>
    </ClInclude>
    <ClInclude Include="lvgl\src\extra\libs\sjpg\tjpgdcnf.h">
      <Filter>lvgl\src\extra\libs</Filter>
    </ClInclude>
    <ClInclude Include="lvgl\src\extra\libs\lv_libs.h">
      <Filter>lvgl\src\extra\libs</Filter>
    </ClInclude>
    <ClInclude Include="lvgl\src\extra\libs\bmp\lv_bmp.h">
      <Filter>lvgl\src\extra\libs</Filter>
    </ClInclude>
    <ClInclude Include="lvgl\src\extra\libs\ffmpeg\lv_ffmpeg.h">
      <Filter>lvgl\src\extra\libs</Filter>
    </ClInclude>
    <ClInclude Include="lvgl\src\extra\libs\freetype\lv_freetype.h">
      <Filter>lvgl\src\extra\libs</Filter>
    </ClInclude>
    <ClInclude Include="lvgl\src\extra\libs\fsdrv\lv_fsdrv.h">
      <Filter>lvgl\src\extra\libs</Filter>
    </ClInclude>
    <ClInclude Include="lvgl\src\extra\layouts\grid\lv_grid.h">
      <Filter>lvgl\src\extra\layouts</Filter>
    </ClInclude>
    <ClInclude Include="lvgl\src\extra\layouts\lv_layouts.h">
      <Filter>lvgl\src\extra\layouts</Filter>
    </ClInclude>
    <ClInclude Include="lvgl\src\extra\layouts\flex\lv_flex.h">
      <Filter>lvgl\src\extra\layouts</Filter>
    </ClInclude>
    <ClInclude Include="lvgl\src\extra\widgets\imgbtn\lv_imgbtn.h">
      <Filter>lvgl\src\extra\widgets</Filter>
    </ClInclude>
    <ClInclude Include="lvgl\src\extra\widgets\keyboard\lv_keyboard.h">
      <Filter>lvgl\src\extra\widgets</Filter>
    </ClInclude>
    <ClInclude Include="lvgl\src\extra\widgets\led\lv_led.h">
      <Filter>lvgl\src\extra\widgets</Filter>
    </ClInclude>
    <ClInclude Include="lvgl\src\extra\widgets\list\lv_list.h">
      <Filter>lvgl\src\extra\widgets</Filter>
    </ClInclude>
    <ClInclude Include="lvgl\src\extra\widgets\menu\lv_menu.h">
      <Filter>lvgl\src\extra\widgets</Filter>
    </ClInclude>
    <ClInclude Include="lvgl\src\extra\widgets\meter\lv_meter.h">
      <Filter>lvgl\src\extra\widgets</Filter>
    </ClInclude>
    <ClInclude Include="lvgl\src\extra\widgets\msgbox\lv_msgbox.h">
      <Filter>lvgl\src\extra\widgets</Filter>
    </ClInclude>
    <ClInclude Include="lvgl\src\extra\widgets\span\lv_span.h">
      <Filter>lvgl\src\extra\widgets</Filter>
    </ClInclude>
    <ClInclude Include="lvgl\src\extra\widgets\spinbox\lv_spinbox.h">
      <Filter>lvgl\src\extra\widgets</Filter>
    </ClInclude>
    <ClInclude Include="lvgl\src\extra\widgets\spinner\lv_spinner.h">
      <Filter>lvgl\src\extra\widgets</Filter>
    </ClInclude>
    <ClInclude Include="lvgl\src\extra\widgets\tabview\lv_tabview.h">
      <Filter>lvgl\src\extra\widgets</Filter>
    </ClInclude>
    <ClInclude Include="lvgl\src\extra\widgets\tileview\lv_tileview.h">
      <Filter>lvgl\src\extra\widgets</Filter>
    </ClInclude>
    <ClInclude Include="lvgl\src\extra\widgets\win\lv_win.h">
      <Filter>lvgl\src\extra\widgets</Filter>
    </ClInclude>
    <ClInclude Include="lvgl\src\extra\widgets\lv_widgets.h">
      <Filter>lvgl\src\extra\widgets</Filter>
    </ClInclude>
    <ClInclude Include="lvgl\src\extra\widgets\animimg\lv_animimg.h">
      <Filter>lvgl\src\extra\widgets</Filter>
    </ClInclude>
    <ClInclude Include="lvgl\src\extra\widgets\calendar\lv_calendar.h">
      <Filter>lvgl\src\extra\widgets</Filter>
    </ClInclude>
    <ClInclude Include="lvgl\src\extra\widgets\calendar\lv_calendar_header_arrow.h">
      <Filter>lvgl\src\extra\widgets</Filter>
    </ClInclude>
    <ClInclude Include="lvgl\src\extra\widgets\calendar\lv_calendar_header_dropdown.h">
      <Filter>lvgl\src\extra\widgets</Filter>
    </ClInclude>
    <ClInclude Include="lvgl\src\extra\widgets\chart\lv_chart.h">
      <Filter>lvgl\src\extra\widgets</Filter>
    </ClInclude>
    <ClInclude Include="lvgl\src\extra\widgets\colorwheel\lv_colorwheel.h">
      <Filter>lvgl\src\extra\widgets</Filter>
    </ClInclude>
  </ItemGroup>
  <ItemGroup>
    <ClCompile Include="Pheonix\TouchLCD\4xx\TouchLCD_4xx.c">
      <Filter>Pheonix\TouchLCD\4xx</Filter>
    </ClCompile>
    <ClCompile Include="Core\startup_stm32f407igtx.s">
      <Filter>Core</Filter>
    </ClCompile>
    <ClCompile Include="Core\stm32f4xx_hal_msp.c">
      <Filter>Core</Filter>
    </ClCompile>
    <ClCompile Include="Core\stm32f4xx_it.c">
      <Filter>Core</Filter>
    </ClCompile>
    <ClCompile Include="Core\syscalls.c">
      <Filter>Core</Filter>
    </ClCompile>
    <ClCompile Include="Core\sysmem.c">
      <Filter>Core</Filter>
    </ClCompile>
    <ClCompile Include="Core\system_stm32f4xx.c">
      <Filter>Core</Filter>
    </ClCompile>
    <ClCompile Include="Drivers\STM32F4xx_HAL_Driver\Src\stm32f4xx_hal.c">
      <Filter>Drivers\STM32F4xx_HAL_Driver\Src</Filter>
    </ClCompile>
    <ClCompile Include="Drivers\STM32F4xx_HAL_Driver\Src\stm32f4xx_hal_adc.c">
      <Filter>Drivers\STM32F4xx_HAL_Driver\Src</Filter>
    </ClCompile>
    <ClCompile Include="Drivers\STM32F4xx_HAL_Driver\Src\stm32f4xx_hal_adc_ex.c">
      <Filter>Drivers\STM32F4xx_HAL_Driver\Src</Filter>
    </ClCompile>
    <ClCompile Include="Drivers\STM32F4xx_HAL_Driver\Src\stm32f4xx_hal_cortex.c">
      <Filter>Drivers\STM32F4xx_HAL_Driver\Src</Filter>
    </ClCompile>
    <ClCompile Include="Drivers\STM32F4xx_HAL_Driver\Src\stm32f4xx_hal_dac.c">
      <Filter>Drivers\STM32F4xx_HAL_Driver\Src</Filter>
    </ClCompile>
    <ClCompile Include="Drivers\STM32F4xx_HAL_Driver\Src\stm32f4xx_hal_dac_ex.c">
      <Filter>Drivers\STM32F4xx_HAL_Driver\Src</Filter>
    </ClCompile>
    <ClCompile Include="Drivers\STM32F4xx_HAL_Driver\Src\stm32f4xx_hal_dma.c">
      <Filter>Drivers\STM32F4xx_HAL_Driver\Src</Filter>
    </ClCompile>
    <ClCompile Include="Drivers\STM32F4xx_HAL_Driver\Src\stm32f4xx_hal_dma_ex.c">
      <Filter>Drivers\STM32F4xx_HAL_Driver\Src</Filter>
    </ClCompile>
    <ClCompile Include="Drivers\STM32F4xx_HAL_Driver\Src\stm32f4xx_hal_exti.c">
      <Filter>Drivers\STM32F4xx_HAL_Driver\Src</Filter>
    </ClCompile>
    <ClCompile Include="Drivers\STM32F4xx_HAL_Driver\Src\stm32f4xx_hal_flash.c">
      <Filter>Drivers\STM32F4xx_HAL_Driver\Src</Filter>
    </ClCompile>
    <ClCompile Include="Drivers\STM32F4xx_HAL_Driver\Src\stm32f4xx_hal_flash_ex.c">
      <Filter>Drivers\STM32F4xx_HAL_Driver\Src</Filter>
    </ClCompile>
    <ClCompile Include="Drivers\STM32F4xx_HAL_Driver\Src\stm32f4xx_hal_flash_ramfunc.c">
      <Filter>Drivers\STM32F4xx_HAL_Driver\Src</Filter>
    </ClCompile>
    <ClCompile Include="Drivers\STM32F4xx_HAL_Driver\Src\stm32f4xx_hal_gpio.c">
      <Filter>Drivers\STM32F4xx_HAL_Driver\Src</Filter>
    </ClCompile>
    <ClCompile Include="Drivers\STM32F4xx_HAL_Driver\Src\stm32f4xx_hal_pcd.c">
      <Filter>Drivers\STM32F4xx_HAL_Driver\Src</Filter>
    </ClCompile>
    <ClCompile Include="Drivers\STM32F4xx_HAL_Driver\Src\stm32f4xx_hal_pcd_ex.c">
      <Filter>Drivers\STM32F4xx_HAL_Driver\Src</Filter>
    </ClCompile>
    <ClCompile Include="Drivers\STM32F4xx_HAL_Driver\Src\stm32f4xx_hal_pwr.c">
      <Filter>Drivers\STM32F4xx_HAL_Driver\Src</Filter>
    </ClCompile>
    <ClCompile Include="Drivers\STM32F4xx_HAL_Driver\Src\stm32f4xx_hal_pwr_ex.c">
      <Filter>Drivers\STM32F4xx_HAL_Driver\Src</Filter>
    </ClCompile>
    <ClCompile Include="Drivers\STM32F4xx_HAL_Driver\Src\stm32f4xx_hal_rcc.c">
      <Filter>Drivers\STM32F4xx_HAL_Driver\Src</Filter>
    </ClCompile>
    <ClCompile Include="Drivers\STM32F4xx_HAL_Driver\Src\stm32f4xx_hal_rcc_ex.c">
      <Filter>Drivers\STM32F4xx_HAL_Driver\Src</Filter>
    </ClCompile>
    <ClCompile Include="Drivers\STM32F4xx_HAL_Driver\Src\stm32f4xx_hal_sram.c">
      <Filter>Drivers\STM32F4xx_HAL_Driver\Src</Filter>
    </ClCompile>
    <ClCompile Include="Drivers\STM32F4xx_HAL_Driver\Src\stm32f4xx_hal_tim.c">
      <Filter>Drivers\STM32F4xx_HAL_Driver\Src</Filter>
    </ClCompile>
    <ClCompile Include="Drivers\STM32F4xx_HAL_Driver\Src\stm32f4xx_hal_tim_ex.c">
      <Filter>Drivers\STM32F4xx_HAL_Driver\Src</Filter>
    </ClCompile>
    <ClCompile Include="Drivers\STM32F4xx_HAL_Driver\Src\stm32f4xx_ll_adc.c">
      <Filter>Drivers\STM32F4xx_HAL_Driver\Src</Filter>
    </ClCompile>
    <ClCompile Include="Drivers\STM32F4xx_HAL_Driver\Src\stm32f4xx_ll_fsmc.c">
      <Filter>Drivers\STM32F4xx_HAL_Driver\Src</Filter>
    </ClCompile>
    <ClCompile Include="Drivers\STM32F4xx_HAL_Driver\Src\stm32f4xx_ll_usb.c">
      <Filter>Drivers\STM32F4xx_HAL_Driver\Src</Filter>
    </ClCompile>
    <ClCompile Include="Pheonix\TouchLCD\GUI\gui.c">
      <Filter>Pheonix\TouchLCD\GUI</Filter>
    </ClCompile>
    <ClCompile Include="Pheonix\TouchLCD\lcd.c">
      <Filter>Pheonix\TouchLCD</Filter>
    </ClCompile>
    <ClCompile Include="Pheonix\TouchLCD\Drivers\SSD1963.c">
      <Filter>Pheonix\TouchLCD\Drivers</Filter>
    </ClCompile>
    <ClCompile Include="Pheonix\TouchLCD\lcd_dma.c">
      <Filter>Pheonix\TouchLCD</Filter>
    </ClCompile>
    <ClCompile Include="Pheonix\SPI\spi.c">
      <Filter>Pheonix\SPI</Filter>
    </ClCompile>
    <ClCompile Include="Pheonix\SPI\w25qxx.c">
      <Filter>Pheonix\SPI</Filter>
    </ClCompile>
    <ClCompile Include="Pheonix\GPIO\GPIO_Init.c">
      <Filter>Pheonix\GPIO</Filter>
    </ClCompile>
    <ClCompile Include="Pheonix\SPI\xpt2046.c">
      <Filter>Pheonix\SPI</Filter>
    </ClCompile>
    <ClCompile Include="Pheonix\SPI\sw_spi.c">
      <Filter>Pheonix\SPI</Filter>
    </ClCompile>
    <ClCompile Include="Pheonix\Timer\timer_pwm.c">
      <Filter>Pheonix\Timer</Filter>
    </ClCompile>
    <ClCompile Include="Pheonix\TouchLCD\GUI\display.c">
      <Filter>Pheonix\TouchLCD\GUI</Filter>
    </ClCompile>
    <ClCompile Include="Pheonix\TouchLCD\GUI\DisplayList.c">
      <Filter>Pheonix\TouchLCD\GUI</Filter>
    </ClCompile>
    <ClCompile Include="ICONS\icon_start.c">
      <Filter>Icons</Filter>
    </ClCompile>
    <ClCompile Include="Pheonix\TouchLCD\GUI\MainView.c">
      <Filter>Pheonix\TouchLCD\GUI</Filter>
    </ClCompile>
    <ClCompile Include="Pheonix\UI\ui_helpers.c">
      <Filter>UI</Filter>
    </ClCompile>
    <ClCompile Include="Pheonix\UI\ui.c">
      <Filter>UI</Filter>
    </ClCompile>
    <ClCompile Include="lvgl\src\core\lv_obj_scroll.c">
      <Filter>lvgl\src\core</Filter>
    </ClCompile>
    <ClCompile Include="lvgl\src\core\lv_obj_style.c">
      <Filter>lvgl\src\core</Filter>
    </ClCompile>
    <ClCompile Include="lvgl\src\core\lv_obj_style_gen.c">
      <Filter>lvgl\src\core</Filter>
    </ClCompile>
    <ClCompile Include="lvgl\src\core\lv_obj_tree.c">
      <Filter>lvgl\src\core</Filter>
    </ClCompile>
    <ClCompile Include="lvgl\src\core\lv_refr.c">
      <Filter>lvgl\src\core</Filter>
    </ClCompile>
    <ClCompile Include="lvgl\src\core\lv_theme.c">
      <Filter>lvgl\src\core</Filter>
    </ClCompile>
    <ClCompile Include="lvgl\src\core\lv_disp.c">
      <Filter>lvgl\src\core</Filter>
    </ClCompile>
    <ClCompile Include="lvgl\src\core\lv_event.c">
      <Filter>lvgl\src\core</Filter>
    </ClCompile>
    <ClCompile Include="lvgl\src\core\lv_group.c">
      <Filter>lvgl\src\core</Filter>
    </ClCompile>
    <ClCompile Include="lvgl\src\core\lv_indev.c">
      <Filter>lvgl\src\core</Filter>
    </ClCompile>
    <ClCompile Include="lvgl\src\core\lv_indev_scroll.c">
      <Filter>lvgl\src\core</Filter>
    </ClCompile>
    <ClCompile Include="lvgl\src\core\lv_obj.c">
      <Filter>lvgl\src\core</Filter>
    </ClCompile>
    <ClCompile Include="lvgl\src\core\lv_obj_class.c">
      <Filter>lvgl\src\core</Filter>
    </ClCompile>
    <ClCompile Include="lvgl\src\core\lv_obj_draw.c">
      <Filter>lvgl\src\core</Filter>
    </ClCompile>
    <ClCompile Include="lvgl\src\core\lv_obj_pos.c">
      <Filter>lvgl\src\core</Filter>
    </ClCompile>
    <ClCompile Include="lvgl\src\draw\lv_draw.c">
      <Filter>lvgl\src\draw</Filter>
    </ClCompile>
    <ClCompile Include="lvgl\src\draw\lv_draw_arc.c">
      <Filter>lvgl\src\draw</Filter>
    </ClCompile>
    <ClCompile Include="lvgl\src\draw\lv_draw_img.c">
      <Filter>lvgl\src\draw</Filter>
    </ClCompile>
    <ClCompile Include="lvgl\src\draw\lv_draw_label.c">
      <Filter>lvgl\src\draw</Filter>
    </ClCompile>
    <ClCompile Include="lvgl\src\draw\lv_draw_layer.c">
      <Filter>lvgl\src\draw</Filter>
    </ClCompile>
    <ClCompile Include="lvgl\src\draw\lv_draw_line.c">
      <Filter>lvgl\src\draw</Filter>
    </ClCompile>
    <ClCompile Include="lvgl\src\draw\lv_draw_mask.c">
      <Filter>lvgl\src\draw</Filter>
    </ClCompile>
    <ClCompile Include="lvgl\src\draw\lv_draw_rect.c">
      <Filter>lvgl\src\draw</Filter>
    </ClCompile>
    <ClCompile Include="lvgl\src\draw\lv_draw_transform.c">
      <Filter>lvgl\src\draw</Filter>
    </ClCompile>
    <ClCompile Include="lvgl\src\draw\lv_draw_triangle.c">
      <Filter>lvgl\src\draw</Filter>
    </ClCompile>
    <ClCompile Include="lvgl\src\draw\lv_img_buf.c">
      <Filter>lvgl\src\draw</Filter>
    </ClCompile>
    <ClCompile Include="lvgl\src\draw\lv_img_cache.c">
      <Filter>lvgl\src\draw</Filter>
    </ClCompile>
    <ClCompile Include="lvgl\src\draw\lv_img_decoder.c">
      <Filter>lvgl\src\draw</Filter>
    </ClCompile>
    <ClCompile Include="lvgl\src\extra\lv_extra.c">
      <Filter>lvgl\src\extra</Filter>
    </ClCompile>
    <ClCompile Include="lvgl\src\font\lv_font.c">
      <Filter>lvgl\src\font</Filter>
    </ClCompile>
    <ClCompile Include="lvgl\src\font\lv_font_dejavu_16_persian_hebrew.c">
      <Filter>lvgl\src\font</Filter>
    </ClCompile>
    <ClCompile Include="lvgl\src\font\lv_font_fmt_txt.c">
      <Filter>lvgl\src\font</Filter>
    </ClCompile>
    <ClCompile Include="lvgl\src\font\lv_font_loader.c">
      <Filter>lvgl\src\font</Filter>
    </ClCompile>
    <ClCompile Include="lvgl\src\font\lv_font_montserrat_8.c">
      <Filter>lvgl\src\font</Filter>
    </ClCompile>
    <ClCompile Include="lvgl\src\font\lv_font_montserrat_10.c">
      <Filter>lvgl\src\font</Filter>
    </ClCompile>
    <ClCompile Include="lvgl\src\font\lv_font_montserrat_12.c">
      <Filter>lvgl\src\font</Filter>
    </ClCompile>
    <ClCompile Include="lvgl\src\font\lv_font_montserrat_12_subpx.c">
      <Filter>lvgl\src\font</Filter>
    </ClCompile>
    <ClCompile Include="lvgl\src\font\lv_font_montserrat_14.c">
      <Filter>lvgl\src\font</Filter>
    </ClCompile>
    <ClCompile Include="lvgl\src\font\lv_font_montserrat_16.c">
      <Filter>lvgl\src\font</Filter>
    </ClCompile>
    <ClCompile Include="lvgl\src\font\lv_font_montserrat_18.c">
      <Filter>lvgl\src\font</Filter>
    </ClCompile>
    <ClCompile Include="lvgl\src\font\lv_font_montserrat_20.c">
      <Filter>lvgl\src\font</Filter>
    </ClCompile>
    <ClCompile Include="lvgl\src\font\lv_font_montserrat_22.c">
      <Filter>lvgl\src\font</Filter>
    </ClCompile>
    <ClCompile Include="lvgl\src\font\lv_font_montserrat_24.c">
      <Filter>lvgl\src\font</Filter>
    </ClCompile>
    <ClCompile Include="lvgl\src\font\lv_font_montserrat_26.c">
      <Filter>lvgl\src\font</Filter>
    </ClCompile>
    <ClCompile Include="lvgl\src\font\lv_font_montserrat_28.c">
      <Filter>lvgl\src\font</Filter>
    </ClCompile>
    <ClCompile Include="lvgl\src\font\lv_font_montserrat_28_compressed.c">
      <Filter>lvgl\src\font</Filter>
    </ClCompile>
    <ClCompile Include="lvgl\src\font\lv_font_montserrat_30.c">
      <Filter>lvgl\src\font</Filter>
    </ClCompile>
    <ClCompile Include="lvgl\src\font\lv_font_montserrat_32.c">
      <Filter>lvgl\src\font</Filter>
    </ClCompile>
    <ClCompile Include="lvgl\src\font\lv_font_montserrat_34.c">
      <Filter>lvgl\src\font</Filter>
    </ClCompile>
    <ClCompile Include="lvgl\src\font\lv_font_montserrat_36.c">
      <Filter>lvgl\src\font</Filter>
    </ClCompile>
    <ClCompile Include="lvgl\src\font\lv_font_montserrat_38.c">
      <Filter>lvgl\src\font</Filter>
    </ClCompile>
    <ClCompile Include="lvgl\src\font\lv_font_montserrat_40.c">
      <Filter>lvgl\src\font</Filter>
    </ClCompile>
    <ClCompile Include="lvgl\src\font\lv_font_montserrat_42.c">
      <Filter>lvgl\src\font</Filter>
    </ClCompile>
    <ClCompile Include="lvgl\src\font\lv_font_montserrat_44.c">
      <Filter>lvgl\src\font</Filter>
    </ClCompile>
    <ClCompile Include="lvgl\src\font\lv_font_montserrat_46.c">
      <Filter>lvgl\src\font</Filter>
    </ClCompile>
    <ClCompile Include="lvgl\src\font\lv_font_montserrat_48.c">
      <Filter>lvgl\src\font</Filter>
    </ClCompile>
    <ClCompile Include="lvgl\src\font\lv_font_simsun_16_cjk.c">
      <Filter>lvgl\src\font</Filter>
    </ClCompile>
    <ClCompile Include="lvgl\src\font\lv_font_unscii_8.c">
      <Filter>lvgl\src\font</Filter>
    </ClCompile>
    <ClCompile Include="lvgl\src\font\lv_font_unscii_16.c">
      <Filter>lvgl\src\font</Filter>
    </ClCompile>
    <ClCompile Include="lvgl\src\hal\lv_hal_indev.c">
      <Filter>lvgl\src\hal</Filter>
    </ClCompile>
    <ClCompile Include="lvgl\src\hal\lv_hal_tick.c">
      <Filter>lvgl\src\hal</Filter>
    </ClCompile>
    <ClCompile Include="lvgl\src\hal\lv_hal_disp.c">
      <Filter>lvgl\src\hal</Filter>
    </ClCompile>
    <ClCompile Include="lvgl\src\misc\lv_math.c">
      <Filter>lvgl\src\misc</Filter>
    </ClCompile>
    <ClCompile Include="lvgl\src\misc\lv_mem.c">
      <Filter>lvgl\src\misc</Filter>
    </ClCompile>
    <ClCompile Include="lvgl\src\misc\lv_printf.c">
      <Filter>lvgl\src\misc</Filter>
    </ClCompile>
    <ClCompile Include="lvgl\src\misc\lv_style.c">
      <Filter>lvgl\src\misc</Filter>
    </ClCompile>
    <ClCompile Include="lvgl\src\misc\lv_style_gen.c">
      <Filter>lvgl\src\misc</Filter>
    </ClCompile>
    <ClCompile Include="lvgl\src\misc\lv_templ.c">
      <Filter>lvgl\src\misc</Filter>
    </ClCompile>
    <ClCompile Include="lvgl\src\misc\lv_timer.c">
      <Filter>lvgl\src\misc</Filter>
    </ClCompile>
    <ClCompile Include="lvgl\src\misc\lv_tlsf.c">
      <Filter>lvgl\src\misc</Filter>
    </ClCompile>
    <ClCompile Include="lvgl\src\misc\lv_txt.c">
      <Filter>lvgl\src\misc</Filter>
    </ClCompile>
    <ClCompile Include="lvgl\src\misc\lv_txt_ap.c">
      <Filter>lvgl\src\misc</Filter>
    </ClCompile>
    <ClCompile Include="lvgl\src\misc\lv_utils.c">
      <Filter>lvgl\src\misc</Filter>
    </ClCompile>
    <ClCompile Include="lvgl\src\misc\lv_anim.c">
      <Filter>lvgl\src\misc</Filter>
    </ClCompile>
    <ClCompile Include="lvgl\src\misc\lv_anim_timeline.c">
      <Filter>lvgl\src\misc</Filter>
    </ClCompile>
    <ClCompile Include="lvgl\src\misc\lv_area.c">
      <Filter>lvgl\src\misc</Filter>
    </ClCompile>
    <ClCompile Include="lvgl\src\misc\lv_async.c">
      <Filter>lvgl\src\misc</Filter>
    </ClCompile>
    <ClCompile Include="lvgl\src\misc\lv_bidi.c">
      <Filter>lvgl\src\misc</Filter>
    </ClCompile>
    <ClCompile Include="lvgl\src\misc\lv_color.c">
      <Filter>lvgl\src\misc</Filter>
    </ClCompile>
    <ClCompile Include="lvgl\src\misc\lv_fs.c">
      <Filter>lvgl\src\misc</Filter>
    </ClCompile>
    <ClCompile Include="lvgl\src\misc\lv_gc.c">
      <Filter>lvgl\src\misc</Filter>
    </ClCompile>
    <ClCompile Include="lvgl\src\misc\lv_ll.c">
      <Filter>lvgl\src\misc</Filter>
    </ClCompile>
    <ClCompile Include="lvgl\src\misc\lv_log.c">
      <Filter>lvgl\src\misc</Filter>
    </ClCompile>
    <ClCompile Include="lvgl\src\misc\lv_lru.c">
      <Filter>lvgl\src\misc</Filter>
    </ClCompile>
    <ClCompile Include="lvgl\src\widgets\lv_textarea.c">
      <Filter>lvgl\src\widgets</Filter>
    </ClCompile>
    <ClCompile Include="lvgl\src\widgets\lv_arc.c">
      <Filter>lvgl\src\widgets</Filter>
    </ClCompile>
    <ClCompile Include="lvgl\src\widgets\lv_bar.c">
      <Filter>lvgl\src\widgets</Filter>
    </ClCompile>
    <ClCompile Include="lvgl\src\widgets\lv_btn.c">
      <Filter>lvgl\src\widgets</Filter>
    </ClCompile>
    <ClCompile Include="lvgl\src\widgets\lv_btnmatrix.c">
      <Filter>lvgl\src\widgets</Filter>
    </ClCompile>
    <ClCompile Include="lvgl\src\widgets\lv_canvas.c">
      <Filter>lvgl\src\widgets</Filter>
    </ClCompile>
    <ClCompile Include="lvgl\src\widgets\lv_checkbox.c">
      <Filter>lvgl\src\widgets</Filter>
    </ClCompile>
    <ClCompile Include="lvgl\src\widgets\lv_dropdown.c">
      <Filter>lvgl\src\widgets</Filter>
    </ClCompile>
    <ClCompile Include="lvgl\src\widgets\lv_img.c">
      <Filter>lvgl\src\widgets</Filter>
    </ClCompile>
    <ClCompile Include="lvgl\src\widgets\lv_label.c">
      <Filter>lvgl\src\widgets</Filter>
    </ClCompile>
    <ClCompile Include="lvgl\src\widgets\lv_line.c">
      <Filter>lvgl\src\widgets</Filter>
    </ClCompile>
    <ClCompile Include="lvgl\src\widgets\lv_objx_templ.c">
      <Filter>lvgl\src\widgets</Filter>
    </ClCompile>
    <ClCompile Include="lvgl\src\widgets\lv_roller.c">
      <Filter>lvgl\src\widgets</Filter>
    </ClCompile>
    <ClCompile Include="lvgl\src\widgets\lv_slider.c">
      <Filter>lvgl\src\widgets</Filter>
    </ClCompile>
    <ClCompile Include="lvgl\src\widgets\lv_switch.c">
      <Filter>lvgl\src\widgets</Filter>
    </ClCompile>
    <ClCompile Include="lvgl\src\widgets\lv_table.c">
      <Filter>lvgl\src\widgets</Filter>
    </ClCompile>
    <ClCompile Include="lvgl\src\extra\themes\mono\lv_theme_mono.c">
      <Filter>lvgl\src\extra\themes</Filter>
    </ClCompile>
    <ClCompile Include="lvgl\src\extra\themes\basic\lv_theme_basic.c">
      <Filter>lvgl\src\extra\themes</Filter>
    </ClCompile>
    <ClCompile Include="lvgl\src\extra\themes\default\lv_theme_default.c">
      <Filter>lvgl\src\extra\themes</Filter>
    </ClCompile>
    <ClCompile Include="lvgl\src\extra\others\ime\lv_ime_pinyin.c">
      <Filter>lvgl\src\extra\others</Filter>
    </ClCompile>
    <ClCompile Include="lvgl\src\extra\others\imgfont\lv_imgfont.c">
      <Filter>lvgl\src\extra\others</Filter>
    </ClCompile>
    <ClCompile Include="lvgl\src\extra\others\monkey\lv_monkey.c">
      <Filter>lvgl\src\extra\others</Filter>
    </ClCompile>
    <ClCompile Include="lvgl\src\extra\others\msg\lv_msg.c">
      <Filter>lvgl\src\extra\others</Filter>
    </ClCompile>
    <ClCompile Include="lvgl\src\extra\others\snapshot\lv_snapshot.c">
      <Filter>lvgl\src\extra\others</Filter>
    </ClCompile>
    <ClCompile Include="lvgl\src\extra\others\fragment\lv_fragment.c">
      <Filter>lvgl\src\extra\others</Filter>
    </ClCompile>
    <ClCompile Include="lvgl\src\extra\others\fragment\lv_fragment_manager.c">
      <Filter>lvgl\src\extra\others</Filter>
    </ClCompile>
    <ClCompile Include="lvgl\src\extra\others\gridnav\lv_gridnav.c">
      <Filter>lvgl\src\extra\others</Filter>
    </ClCompile>
    <ClCompile Include="lvgl\src\extra\libs\gif\gifdec.c">
      <Filter>lvgl\src\extra\libs</Filter>
    </ClCompile>
    <ClCompile Include="lvgl\src\extra\libs\gif\lv_gif.c">
      <Filter>lvgl\src\extra\libs</Filter>
    </ClCompile>
    <ClCompile Include="lvgl\src\extra\libs\png\lodepng.c">
      <Filter>lvgl\src\extra\libs</Filter>
    </ClCompile>
    <ClCompile Include="lvgl\src\extra\libs\png\lv_png.c">
      <Filter>lvgl\src\extra\libs</Filter>
    </ClCompile>
    <ClCompile Include="lvgl\src\extra\libs\qrcode\lv_qrcode.c">
      <Filter>lvgl\src\extra\libs</Filter>
    </ClCompile>
    <ClCompile Include="lvgl\src\extra\libs\qrcode\qrcodegen.c">
      <Filter>lvgl\src\extra\libs</Filter>
    </ClCompile>
    <ClCompile Include="lvgl\src\extra\libs\rlottie\lv_rlottie.c">
      <Filter>lvgl\src\extra\libs</Filter>
    </ClCompile>
    <ClCompile Include="lvgl\src\extra\libs\sjpg\lv_sjpg.c">
      <Filter>lvgl\src\extra\libs</Filter>
    </ClCompile>
    <ClCompile Include="lvgl\src\extra\libs\sjpg\tjpgd.c">
      <Filter>lvgl\src\extra\libs</Filter>
    </ClCompile>
    <ClCompile Include="lvgl\src\extra\libs\bmp\lv_bmp.c">
      <Filter>lvgl\src\extra\libs</Filter>
    </ClCompile>
    <ClCompile Include="lvgl\src\extra\libs\ffmpeg\lv_ffmpeg.c">
      <Filter>lvgl\src\extra\libs</Filter>
    </ClCompile>
    <ClCompile Include="lvgl\src\extra\libs\freetype\lv_freetype.c">
      <Filter>lvgl\src\extra\libs</Filter>
    </ClCompile>
    <ClCompile Include="lvgl\src\extra\libs\fsdrv\lv_fs_fatfs.c">
      <Filter>lvgl\src\extra\libs</Filter>
    </ClCompile>
    <ClCompile Include="lvgl\src\extra\libs\fsdrv\lv_fs_posix.c">
      <Filter>lvgl\src\extra\libs</Filter>
    </ClCompile>
    <ClCompile Include="lvgl\src\extra\libs\fsdrv\lv_fs_stdio.c">
      <Filter>lvgl\src\extra\libs</Filter>
    </ClCompile>
    <ClCompile Include="lvgl\src\extra\libs\fsdrv\lv_fs_win32.c">
      <Filter>lvgl\src\extra\libs</Filter>
    </ClCompile>
    <ClCompile Include="lvgl\src\extra\layouts\grid\lv_grid.c">
      <Filter>lvgl\src\extra\layouts</Filter>
    </ClCompile>
    <ClCompile Include="lvgl\src\extra\layouts\flex\lv_flex.c">
      <Filter>lvgl\src\extra\layouts</Filter>
    </ClCompile>
    <ClCompile Include="lvgl\src\extra\widgets\imgbtn\lv_imgbtn.c">
      <Filter>lvgl\src\extra\widgets</Filter>
    </ClCompile>
    <ClCompile Include="lvgl\src\extra\widgets\keyboard\lv_keyboard.c">
      <Filter>lvgl\src\extra\widgets</Filter>
    </ClCompile>
    <ClCompile Include="lvgl\src\extra\widgets\led\lv_led.c">
      <Filter>lvgl\src\extra\widgets</Filter>
    </ClCompile>
    <ClCompile Include="lvgl\src\extra\widgets\list\lv_list.c">
      <Filter>lvgl\src\extra\widgets</Filter>
    </ClCompile>
    <ClCompile Include="lvgl\src\extra\widgets\menu\lv_menu.c">
      <Filter>lvgl\src\extra\widgets</Filter>
    </ClCompile>
    <ClCompile Include="lvgl\src\extra\widgets\meter\lv_meter.c">
      <Filter>lvgl\src\extra\widgets</Filter>
    </ClCompile>
    <ClCompile Include="lvgl\src\extra\widgets\msgbox\lv_msgbox.c">
      <Filter>lvgl\src\extra\widgets</Filter>
    </ClCompile>
    <ClCompile Include="lvgl\src\extra\widgets\span\lv_span.c">
      <Filter>lvgl\src\extra\widgets</Filter>
    </ClCompile>
    <ClCompile Include="lvgl\src\extra\widgets\spinbox\lv_spinbox.c">
      <Filter>lvgl\src\extra\widgets</Filter>
    </ClCompile>
    <ClCompile Include="lvgl\src\extra\widgets\spinner\lv_spinner.c">
      <Filter>lvgl\src\extra\widgets</Filter>
    </ClCompile>
    <ClCompile Include="lvgl\src\extra\widgets\tabview\lv_tabview.c">
      <Filter>lvgl\src\extra\widgets</Filter>
    </ClCompile>
    <ClCompile Include="lvgl\src\extra\widgets\tileview\lv_tileview.c">
      <Filter>lvgl\src\extra\widgets</Filter>
    </ClCompile>
    <ClCompile Include="lvgl\src\extra\widgets\win\lv_win.c">
      <Filter>lvgl\src\extra\widgets</Filter>
    </ClCompile>
    <ClCompile Include="lvgl\src\extra\widgets\animimg\lv_animimg.c">
      <Filter>lvgl\src\extra\widgets</Filter>
    </ClCompile>
    <ClCompile Include="lvgl\src\extra\widgets\calendar\lv_calendar.c">
      <Filter>lvgl\src\extra\widgets</Filter>
    </ClCompile>
    <ClCompile Include="lvgl\src\extra\widgets\calendar\lv_calendar_header_arrow.c">
      <Filter>lvgl\src\extra\widgets</Filter>
    </ClCompile>
    <ClCompile Include="lvgl\src\extra\widgets\calendar\lv_calendar_header_dropdown.c">
      <Filter>lvgl\src\extra\widgets</Filter>
    </ClCompile>
    <ClCompile Include="lvgl\src\extra\widgets\chart\lv_chart.c">
      <Filter>lvgl\src\extra\widgets</Filter>
    </ClCompile>
    <ClCompile Include="lvgl\src\extra\widgets\colorwheel\lv_colorwheel.c">
      <Filter>lvgl\src\extra\widgets</Filter>
    </ClCompile>
  </ItemGroup>
  <ItemGroup>
    <LinkerScript Include="STM32F407VE_flash.lds">
      <Filter>Resource files</Filter>
    </LinkerScript>
  </ItemGroup>
</Project>