<?xml version="1.0" encoding="utf-8"?>
<Project ToolsVersion="4.0" xmlns="http://schemas.microsoft.com/developer/msbuild/2003">
  <ItemGroup>
    <Filter Include="Resource files">
      <UniqueIdentifier>{f91fe50e-22c0-4366-9362-f214a62e1d70}</UniqueIdentifier>
      <Extensions>rc;ico;cur;bmp;dlg;rc2;rct;bin;rgs;gif;jpg;jpeg;jpe;resx;tiff;tif;png;wav</Extensions>
    </Filter>
    <Filter Include="VisualGDB settings">
      <UniqueIdentifier>{b1b84b93-0037-42f7-aa03-6e5c038fbd14}</UniqueIdentifier>
    </Filter>
    <Filter Include="Core">
      <UniqueIdentifier>{7bf9621f-7792-427b-88be-e045c463c5e7}</UniqueIdentifier>
    </Filter>
    <Filter Include="Drivers">
      <UniqueIdentifier>{439eea9c-1975-4132-a0c1-1ef525bc060b}</UniqueIdentifier>
    </Filter>
    <Filter Include="Drivers\CMSIS">
      <UniqueIdentifier>{75a7b41a-0e48-4d8b-a7a6-148bc4a24618}</UniqueIdentifier>
    </Filter>
    <Filter Include="Drivers\STM32F4xx_HAL_Driver">
      <UniqueIdentifier>{9ac87eaa-bb97-4309-a259-44aac049c4cd}</UniqueIdentifier>
    </Filter>
    <Filter Include="Drivers\CMSIS\Device">
      <UniqueIdentifier>{e1de67a0-2f91-4b17-9a24-87309d639c90}</UniqueIdentifier>
    </Filter>
    <Filter Include="Drivers\CMSIS\Include">
      <UniqueIdentifier>{a06895d6-ef3b-4138-85b8-3cbc7dcfb518}</UniqueIdentifier>
    </Filter>
    <Filter Include="Drivers\STM32F4xx_HAL_Driver\Inc">
      <UniqueIdentifier>{d1cae637-6774-492b-b883-c0daa47013c4}</UniqueIdentifier>
    </Filter>
    <Filter Include="Drivers\STM32F4xx_HAL_Driver\Src">
      <UniqueIdentifier>{39cadd77-bada-4c66-acd8-37c94126bffc}</UniqueIdentifier>
    </Filter>
    <Filter Include="Drivers\STM32F4xx_HAL_Driver\Inc\Legacy">
      <UniqueIdentifier>{fe083779-8814-42f4-b73f-2439d10f86c2}</UniqueIdentifier>
    </Filter>
    <Filter Include="Drivers\CMSIS\Device\ST">
      <UniqueIdentifier>{1228c1e9-9015-4d6a-b3ea-a6dc92c74564}</UniqueIdentifier>
    </Filter>
    <Filter Include="Drivers\CMSIS\Device\ST\STM32F4xx">
      <UniqueIdentifier>{1016a61d-1ade-4320-8e6b-0fbda729507b}</UniqueIdentifier>
    </Filter>
    <Filter Include="Drivers\CMSIS\Device\ST\STM32F4xx\Include">
      <UniqueIdentifier>{e53ebcff-841b-49d4-b057-b55992444ff2}</UniqueIdentifier>
    </Filter>
    <Filter Include="Drivers\CMSIS\Device\ST\STM32F4xx\Source">
      <UniqueIdentifier>{db39fdec-647e-40d5-a0d9-6bdb8b873e33}</UniqueIdentifier>
    </Filter>
    <Filter Include="Pheonix">
      <UniqueIdentifier>{e29c13a0-5e45-4222-931d-dec92d5b4408}</UniqueIdentifier>
    </Filter>
    <Filter Include="Pheonix\TouchLCD">
      <UniqueIdentifier>{05acaf17-1879-460a-873d-5902144de865}</UniqueIdentifier>
    </Filter>
    <Filter Include="Pheonix\TouchLCD\4xx">
      <UniqueIdentifier>{808813a6-b415-4947-93d5-5ec320c7379d}</UniqueIdentifier>
    </Filter>
    <Filter Include="Pheonix\TouchLCD\GUI">
      <UniqueIdentifier>{c52bef55-9978-4ed4-8410-a40c165e63ea}</UniqueIdentifier>
    </Filter>
    <Filter Include="Pheonix\TouchLCD\Drivers">
      <UniqueIdentifier>{d3abf9a5-2e1b-48e5-a591-ec82abbfd784}</UniqueIdentifier>
    </Filter>
    <Filter Include="Pheonix\GPIO">
      <UniqueIdentifier>{caafe3af-304a-4ee5-8bae-e9025f683fd6}</UniqueIdentifier>
    </Filter>
    <Filter Include="Pheonix\SPI">
      <UniqueIdentifier>{ed7f3e59-3c3b-4b34-a898-b09c30019b22}</UniqueIdentifier>
    </Filter>
    <Filter Include="Pheonix\Timer">
      <UniqueIdentifier>{5371ed61-950e-4459-bfb8-6228b5709351}</UniqueIdentifier>
    </Filter>
    <Filter Include="Icons">
      <UniqueIdentifier>{bac1af02-ccb6-4db1-958f-5c4edb7f4f00}</UniqueIdentifier>
    </Filter>
    <Filter Include="Pheonix\TouchLCD\Widgets">
      <UniqueIdentifier>{053ea268-dcc7-4384-9ade-07d8295c696c}</UniqueIdentifier>
    </Filter>
    <Filter Include="Pheonix\FLASH">
      <UniqueIdentifier>{c1b9d653-8d4b-4f14-bed3-66d0056914d4}</UniqueIdentifier>
    </Filter>
    <Filter Include="Pheonix\FLASH\4xx">
      <UniqueIdentifier>{218811fc-a7b4-4cd8-a602-dadcb8158e84}</UniqueIdentifier>
    </Filter>
  </ItemGroup>
  <ItemGroup>
    <None Include="BiquOperatorPanel-Debug.vgdbsettings">
      <Filter>VisualGDB settings</Filter>
    </None>
    <None Include="BiquOperatorPanel-Release.vgdbsettings">
      <Filter>VisualGDB settings</Filter>
    </None>
    <None Include="stm32.xml">
      <Filter>VisualGDB settings</Filter>
    </None>
    <ClCompile Include="Core\main.c">
      <Filter>Core</Filter>
    </ClCompile>
  </ItemGroup>
  <ItemGroup>
    <ClInclude Include="Core\main.h">
      <Filter>Core</Filter>
    </ClInclude>
    <ClInclude Include="Drivers\CMSIS\Device\ST\STM32F4xx\Include\stm32f407xx.h">
      <Filter>Drivers\CMSIS\Device\ST\STM32F4xx\Include</Filter>
    </ClInclude>
    <ClInclude Include="Drivers\CMSIS\Device\ST\STM32F4xx\Include\stm32f4xx.h">
      <Filter>Drivers\CMSIS\Device\ST\STM32F4xx\Include</Filter>
    </ClInclude>
    <ClInclude Include="Drivers\CMSIS\Device\ST\STM32F4xx\Include\system_stm32f4xx.h">
      <Filter>Drivers\CMSIS\Device\ST\STM32F4xx\Include</Filter>
    </ClInclude>
    <ClInclude Include="Drivers\CMSIS\Include\cmsis_armcc.h">
      <Filter>Drivers\CMSIS\Include</Filter>
    </ClInclude>
    <ClInclude Include="Drivers\CMSIS\Include\cmsis_armclang.h">
      <Filter>Drivers\CMSIS\Include</Filter>
    </ClInclude>
    <ClInclude Include="Drivers\CMSIS\Include\cmsis_compiler.h">
      <Filter>Drivers\CMSIS\Include</Filter>
    </ClInclude>
    <ClInclude Include="Drivers\CMSIS\Include\cmsis_gcc.h">
      <Filter>Drivers\CMSIS\Include</Filter>
    </ClInclude>
    <ClInclude Include="Drivers\CMSIS\Include\cmsis_iccarm.h">
      <Filter>Drivers\CMSIS\Include</Filter>
    </ClInclude>
    <ClInclude Include="Drivers\CMSIS\Include\cmsis_version.h">
      <Filter>Drivers\CMSIS\Include</Filter>
    </ClInclude>
    <ClInclude Include="Drivers\CMSIS\Include\core_armv8mbl.h">
      <Filter>Drivers\CMSIS\Include</Filter>
    </ClInclude>
    <ClInclude Include="Drivers\CMSIS\Include\core_armv8mml.h">
      <Filter>Drivers\CMSIS\Include</Filter>
    </ClInclude>
    <ClInclude Include="Drivers\CMSIS\Include\core_cm0.h">
      <Filter>Drivers\CMSIS\Include</Filter>
    </ClInclude>
    <ClInclude Include="Drivers\CMSIS\Include\core_cm0plus.h">
      <Filter>Drivers\CMSIS\Include</Filter>
    </ClInclude>
    <ClInclude Include="Drivers\CMSIS\Include\core_cm1.h">
      <Filter>Drivers\CMSIS\Include</Filter>
    </ClInclude>
    <ClInclude Include="Drivers\CMSIS\Include\core_cm23.h">
      <Filter>Drivers\CMSIS\Include</Filter>
    </ClInclude>
    <ClInclude Include="Drivers\CMSIS\Include\core_cm3.h">
      <Filter>Drivers\CMSIS\Include</Filter>
    </ClInclude>
    <ClInclude Include="Drivers\CMSIS\Include\core_cm33.h">
      <Filter>Drivers\CMSIS\Include</Filter>
    </ClInclude>
    <ClInclude Include="Drivers\CMSIS\Include\core_cm4.h">
      <Filter>Drivers\CMSIS\Include</Filter>
    </ClInclude>
    <ClInclude Include="Drivers\CMSIS\Include\core_cm7.h">
      <Filter>Drivers\CMSIS\Include</Filter>
    </ClInclude>
    <ClInclude Include="Drivers\CMSIS\Include\core_sc000.h">
      <Filter>Drivers\CMSIS\Include</Filter>
    </ClInclude>
    <ClInclude Include="Drivers\CMSIS\Include\core_sc300.h">
      <Filter>Drivers\CMSIS\Include</Filter>
    </ClInclude>
    <ClInclude Include="Drivers\CMSIS\Include\mpu_armv7.h">
      <Filter>Drivers\CMSIS\Include</Filter>
    </ClInclude>
    <ClInclude Include="Drivers\CMSIS\Include\mpu_armv8.h">
      <Filter>Drivers\CMSIS\Include</Filter>
    </ClInclude>
    <ClInclude Include="Drivers\CMSIS\Include\tz_context.h">
      <Filter>Drivers\CMSIS\Include</Filter>
    </ClInclude>
    <ClInclude Include="Pheonix\TouchLCD\4xx\TouchLCD_4xx.h">
      <Filter>Pheonix\TouchLCD\4xx</Filter>
    </ClInclude>
    <ClInclude Include="Core\stm32f4xx_hal_conf.h">
      <Filter>Core</Filter>
    </ClInclude>
    <ClInclude Include="Core\stm32f4xx_it.h">
      <Filter>Core</Filter>
    </ClInclude>
    <ClInclude Include="Drivers\STM32F4xx_HAL_Driver\Inc\stm32f4xx_hal.h">
      <Filter>Drivers\STM32F4xx_HAL_Driver\Inc</Filter>
    </ClInclude>
    <ClInclude Include="Drivers\STM32F4xx_HAL_Driver\Inc\stm32f4xx_hal_adc.h">
      <Filter>Drivers\STM32F4xx_HAL_Driver\Inc</Filter>
    </ClInclude>
    <ClInclude Include="Drivers\STM32F4xx_HAL_Driver\Inc\stm32f4xx_hal_adc_ex.h">
      <Filter>Drivers\STM32F4xx_HAL_Driver\Inc</Filter>
    </ClInclude>
    <ClInclude Include="Drivers\STM32F4xx_HAL_Driver\Inc\stm32f4xx_hal_cortex.h">
      <Filter>Drivers\STM32F4xx_HAL_Driver\Inc</Filter>
    </ClInclude>
    <ClInclude Include="Drivers\STM32F4xx_HAL_Driver\Inc\stm32f4xx_hal_dac.h">
      <Filter>Drivers\STM32F4xx_HAL_Driver\Inc</Filter>
    </ClInclude>
    <ClInclude Include="Drivers\STM32F4xx_HAL_Driver\Inc\stm32f4xx_hal_dac_ex.h">
      <Filter>Drivers\STM32F4xx_HAL_Driver\Inc</Filter>
    </ClInclude>
    <ClInclude Include="Drivers\STM32F4xx_HAL_Driver\Inc\stm32f4xx_hal_def.h">
      <Filter>Drivers\STM32F4xx_HAL_Driver\Inc</Filter>
    </ClInclude>
    <ClInclude Include="Drivers\STM32F4xx_HAL_Driver\Inc\stm32f4xx_hal_dma.h">
      <Filter>Drivers\STM32F4xx_HAL_Driver\Inc</Filter>
    </ClInclude>
    <ClInclude Include="Drivers\STM32F4xx_HAL_Driver\Inc\stm32f4xx_hal_dma_ex.h">
      <Filter>Drivers\STM32F4xx_HAL_Driver\Inc</Filter>
    </ClInclude>
    <ClInclude Include="Drivers\STM32F4xx_HAL_Driver\Inc\stm32f4xx_hal_exti.h">
      <Filter>Drivers\STM32F4xx_HAL_Driver\Inc</Filter>
    </ClInclude>
    <ClInclude Include="Drivers\STM32F4xx_HAL_Driver\Inc\stm32f4xx_hal_flash.h">
      <Filter>Drivers\STM32F4xx_HAL_Driver\Inc</Filter>
    </ClInclude>
    <ClInclude Include="Drivers\STM32F4xx_HAL_Driver\Inc\stm32f4xx_hal_flash_ex.h">
      <Filter>Drivers\STM32F4xx_HAL_Driver\Inc</Filter>
    </ClInclude>
    <ClInclude Include="Drivers\STM32F4xx_HAL_Driver\Inc\stm32f4xx_hal_flash_ramfunc.h">
      <Filter>Drivers\STM32F4xx_HAL_Driver\Inc</Filter>
    </ClInclude>
    <ClInclude Include="Drivers\STM32F4xx_HAL_Driver\Inc\stm32f4xx_hal_gpio.h">
      <Filter>Drivers\STM32F4xx_HAL_Driver\Inc</Filter>
    </ClInclude>
    <ClInclude Include="Drivers\STM32F4xx_HAL_Driver\Inc\stm32f4xx_hal_gpio_ex.h">
      <Filter>Drivers\STM32F4xx_HAL_Driver\Inc</Filter>
    </ClInclude>
    <ClInclude Include="Drivers\STM32F4xx_HAL_Driver\Inc\stm32f4xx_hal_pcd.h">
      <Filter>Drivers\STM32F4xx_HAL_Driver\Inc</Filter>
    </ClInclude>
    <ClInclude Include="Drivers\STM32F4xx_HAL_Driver\Inc\stm32f4xx_hal_pcd_ex.h">
      <Filter>Drivers\STM32F4xx_HAL_Driver\Inc</Filter>
    </ClInclude>
    <ClInclude Include="Drivers\STM32F4xx_HAL_Driver\Inc\stm32f4xx_hal_pwr.h">
      <Filter>Drivers\STM32F4xx_HAL_Driver\Inc</Filter>
    </ClInclude>
    <ClInclude Include="Drivers\STM32F4xx_HAL_Driver\Inc\stm32f4xx_hal_pwr_ex.h">
      <Filter>Drivers\STM32F4xx_HAL_Driver\Inc</Filter>
    </ClInclude>
    <ClInclude Include="Drivers\STM32F4xx_HAL_Driver\Inc\stm32f4xx_hal_rcc.h">
      <Filter>Drivers\STM32F4xx_HAL_Driver\Inc</Filter>
    </ClInclude>
    <ClInclude Include="Drivers\STM32F4xx_HAL_Driver\Inc\stm32f4xx_hal_rcc_ex.h">
      <Filter>Drivers\STM32F4xx_HAL_Driver\Inc</Filter>
    </ClInclude>
    <ClInclude Include="Drivers\STM32F4xx_HAL_Driver\Inc\stm32f4xx_hal_spi.h">
      <Filter>Drivers\STM32F4xx_HAL_Driver\Inc</Filter>
    </ClInclude>
    <ClInclude Include="Drivers\STM32F4xx_HAL_Driver\Inc\stm32f4xx_hal_sram.h">
      <Filter>Drivers\STM32F4xx_HAL_Driver\Inc</Filter>
    </ClInclude>
    <ClInclude Include="Drivers\STM32F4xx_HAL_Driver\Inc\stm32f4xx_hal_tim.h">
      <Filter>Drivers\STM32F4xx_HAL_Driver\Inc</Filter>
    </ClInclude>
    <ClInclude Include="Drivers\STM32F4xx_HAL_Driver\Inc\stm32f4xx_hal_tim_ex.h">
      <Filter>Drivers\STM32F4xx_HAL_Driver\Inc</Filter>
    </ClInclude>
    <ClInclude Include="Drivers\STM32F4xx_HAL_Driver\Inc\stm32f4xx_hal_uart.h">
      <Filter>Drivers\STM32F4xx_HAL_Driver\Inc</Filter>
    </ClInclude>
    <ClInclude Include="Drivers\STM32F4xx_HAL_Driver\Inc\stm32f4xx_ll_adc.h">
      <Filter>Drivers\STM32F4xx_HAL_Driver\Inc</Filter>
    </ClInclude>
    <ClInclude Include="Drivers\STM32F4xx_HAL_Driver\Inc\stm32f4xx_ll_bus.h">
      <Filter>Drivers\STM32F4xx_HAL_Driver\Inc</Filter>
    </ClInclude>
    <ClInclude Include="Drivers\STM32F4xx_HAL_Driver\Inc\stm32f4xx_ll_cortex.h">
      <Filter>Drivers\STM32F4xx_HAL_Driver\Inc</Filter>
    </ClInclude>
    <ClInclude Include="Drivers\STM32F4xx_HAL_Driver\Inc\stm32f4xx_ll_dac.h">
      <Filter>Drivers\STM32F4xx_HAL_Driver\Inc</Filter>
    </ClInclude>
    <ClInclude Include="Drivers\STM32F4xx_HAL_Driver\Inc\stm32f4xx_ll_dma.h">
      <Filter>Drivers\STM32F4xx_HAL_Driver\Inc</Filter>
    </ClInclude>
    <ClInclude Include="Drivers\STM32F4xx_HAL_Driver\Inc\stm32f4xx_ll_exti.h">
      <Filter>Drivers\STM32F4xx_HAL_Driver\Inc</Filter>
    </ClInclude>
    <ClInclude Include="Drivers\STM32F4xx_HAL_Driver\Inc\stm32f4xx_ll_fsmc.h">
      <Filter>Drivers\STM32F4xx_HAL_Driver\Inc</Filter>
    </ClInclude>
    <ClInclude Include="Drivers\STM32F4xx_HAL_Driver\Inc\stm32f4xx_ll_gpio.h">
      <Filter>Drivers\STM32F4xx_HAL_Driver\Inc</Filter>
    </ClInclude>
    <ClInclude Include="Drivers\STM32F4xx_HAL_Driver\Inc\stm32f4xx_ll_pwr.h">
      <Filter>Drivers\STM32F4xx_HAL_Driver\Inc</Filter>
    </ClInclude>
    <ClInclude Include="Drivers\STM32F4xx_HAL_Driver\Inc\stm32f4xx_ll_rcc.h">
      <Filter>Drivers\STM32F4xx_HAL_Driver\Inc</Filter>
    </ClInclude>
    <ClInclude Include="Drivers\STM32F4xx_HAL_Driver\Inc\stm32f4xx_ll_system.h">
      <Filter>Drivers\STM32F4xx_HAL_Driver\Inc</Filter>
    </ClInclude>
    <ClInclude Include="Drivers\STM32F4xx_HAL_Driver\Inc\stm32f4xx_ll_tim.h">
      <Filter>Drivers\STM32F4xx_HAL_Driver\Inc</Filter>
    </ClInclude>
    <ClInclude Include="Drivers\STM32F4xx_HAL_Driver\Inc\stm32f4xx_ll_usart.h">
      <Filter>Drivers\STM32F4xx_HAL_Driver\Inc</Filter>
    </ClInclude>
    <ClInclude Include="Drivers\STM32F4xx_HAL_Driver\Inc\stm32f4xx_ll_usb.h">
      <Filter>Drivers\STM32F4xx_HAL_Driver\Inc</Filter>
    </ClInclude>
    <ClInclude Include="Drivers\STM32F4xx_HAL_Driver\Inc\stm32f4xx_ll_utils.h">
      <Filter>Drivers\STM32F4xx_HAL_Driver\Inc</Filter>
    </ClInclude>
    <ClInclude Include="Drivers\STM32F4xx_HAL_Driver\Inc\Legacy\stm32_hal_legacy.h">
      <Filter>Drivers\STM32F4xx_HAL_Driver\Inc\Legacy</Filter>
    </ClInclude>
    <ClInclude Include="Pheonix\TouchLCD\GUI\gui.h">
      <Filter>Pheonix\TouchLCD\GUI</Filter>
    </ClInclude>
    <ClInclude Include="Pheonix\TouchLCD\lcd.h">
      <Filter>Pheonix\TouchLCD</Filter>
    </ClInclude>
    <ClInclude Include="Pheonix\TouchLCD\Drivers\SSD1963.h">
      <Filter>Pheonix\TouchLCD\Drivers</Filter>
    </ClInclude>
    <ClInclude Include="Pheonix\configure.h">
      <Filter>Pheonix</Filter>
    </ClInclude>
    <ClInclude Include="Pheonix\global.h">
      <Filter>Pheonix</Filter>
    </ClInclude>
    <ClInclude Include="Pheonix\TouchLCD\lcd_dma.h">
      <Filter>Pheonix\TouchLCD</Filter>
    </ClInclude>
    <ClInclude Include="Pheonix\SPI\spi.h">
      <Filter>Pheonix\SPI</Filter>
    </ClInclude>
    <ClInclude Include="Pheonix\SPI\w25qxx.h">
      <Filter>Pheonix\SPI</Filter>
    </ClInclude>
    <ClInclude Include="Pheonix\GPIO\GPIO_Init.h">
      <Filter>Pheonix\GPIO</Filter>
    </ClInclude>
    <ClInclude Include="Pheonix\GPIO\pins.h">
      <Filter>Pheonix\GPIO</Filter>
    </ClInclude>
    <ClInclude Include="Pheonix\GPIO\pinout.h">
      <Filter>Pheonix\GPIO</Filter>
    </ClInclude>
    <ClInclude Include="Pheonix\SPI\xpt2046.h">
      <Filter>Pheonix\SPI</Filter>
    </ClInclude>
    <ClInclude Include="Pheonix\SPI\sw_spi.h">
      <Filter>Pheonix\SPI</Filter>
    </ClInclude>
    <ClInclude Include="Pheonix\Timer\timer_pwm.h">
      <Filter>Pheonix\Timer</Filter>
    </ClInclude>
    <ClInclude Include="Pheonix\TouchLCD\GUI\font.h">
      <Filter>Pheonix\TouchLCD\GUI</Filter>
    </ClInclude>
    <ClInclude Include="Pheonix\TouchLCD\GUI\display.h">
      <Filter>Pheonix\TouchLCD\GUI</Filter>
    </ClInclude>
    <ClInclude Include="Pheonix\TouchLCD\GUI\DisplayList.h">
      <Filter>Pheonix\TouchLCD\GUI</Filter>
    </ClInclude>
    <ClInclude Include="resource.h" />
    <ClInclude Include="resource1.h" />
    <ClInclude Include="ICONS\icons.h">
      <Filter>Icons</Filter>
    </ClInclude>
    <ClInclude Include="Pheonix\TouchLCD\GUI\PanelMain.designer.h">
      <Filter>Pheonix\TouchLCD\GUI</Filter>
    </ClInclude>
    <ClInclude Include="Pheonix\TouchLCD\Widgets\label.h">
      <Filter>Pheonix\TouchLCD\Widgets</Filter>
    </ClInclude>
    <ClInclude Include="Pheonix\TouchLCD\Widgets\button.h">
      <Filter>Pheonix\TouchLCD\Widgets</Filter>
    </ClInclude>
    <ClInclude Include="Pheonix\TouchLCD\Widgets\widget.h">
      <Filter>Pheonix\TouchLCD\Widgets</Filter>
    </ClInclude>
    <ClInclude Include="Pheonix\TouchLCD\Widgets\panel.h">
      <Filter>Pheonix\TouchLCD\Widgets</Filter>
    </ClInclude>
    <ClInclude Include="Pheonix\TouchLCD\GUI\FontArial.h">
      <Filter>Pheonix\TouchLCD\GUI</Filter>
    </ClInclude>
    <ClInclude Include="Pheonix\taskmanager.h">
      <Filter>Pheonix</Filter>
    </ClInclude>
    <ClInclude Include="Pheonix\RevisionHistory.h">
      <Filter>Pheonix</Filter>
    </ClInclude>
    <ClInclude Include="Pheonix\TouchLCD\lcd_touch.h">
      <Filter>Pheonix\TouchLCD</Filter>
    </ClInclude>
    <ClInclude Include="Pheonix\FLASH\4xx\flash_4xx.h">
      <Filter>Pheonix\FLASH\4xx</Filter>
    </ClInclude>
    <ClInclude Include="Pheonix\GPIO\pininit.h">
      <Filter>Pheonix\GPIO</Filter>
    </ClInclude>
    <ClInclude Include="Pheonix\TouchLCD\lcd_encoder.h">
      <Filter>Pheonix\TouchLCD</Filter>
    </ClInclude>
    <ClInclude Include="Pheonix\TouchLCD\Widgets\edit.h">
      <Filter>Pheonix\TouchLCD\Widgets</Filter>
    </ClInclude>
    <ClInclude Include="Pheonix\TouchLCD\Widgets\listbox.h">
      <Filter>Pheonix\TouchLCD\Widgets</Filter>
    </ClInclude>
  </ItemGroup>
  <ItemGroup>
    <ClCompile Include="Pheonix\TouchLCD\4xx\TouchLCD_4xx.c">
      <Filter>Pheonix\TouchLCD\4xx</Filter>
    </ClCompile>
    <ClCompile Include="Core\startup_stm32f407igtx.s">
      <Filter>Core</Filter>
    </ClCompile>
    <ClCompile Include="Core\stm32f4xx_hal_msp.c">
      <Filter>Core</Filter>
    </ClCompile>
    <ClCompile Include="Core\stm32f4xx_it.c">
      <Filter>Core</Filter>
    </ClCompile>
    <ClCompile Include="Core\syscalls.c">
      <Filter>Core</Filter>
    </ClCompile>
    <ClCompile Include="Core\sysmem.c">
      <Filter>Core</Filter>
    </ClCompile>
    <ClCompile Include="Core\system_stm32f4xx.c">
      <Filter>Core</Filter>
    </ClCompile>
    <ClCompile Include="Drivers\STM32F4xx_HAL_Driver\Src\stm32f4xx_hal.c">
      <Filter>Drivers\STM32F4xx_HAL_Driver\Src</Filter>
    </ClCompile>
    <ClCompile Include="Drivers\STM32F4xx_HAL_Driver\Src\stm32f4xx_hal_adc.c">
      <Filter>Drivers\STM32F4xx_HAL_Driver\Src</Filter>
    </ClCompile>
    <ClCompile Include="Drivers\STM32F4xx_HAL_Driver\Src\stm32f4xx_hal_adc_ex.c">
      <Filter>Drivers\STM32F4xx_HAL_Driver\Src</Filter>
    </ClCompile>
    <ClCompile Include="Drivers\STM32F4xx_HAL_Driver\Src\stm32f4xx_hal_cortex.c">
      <Filter>Drivers\STM32F4xx_HAL_Driver\Src</Filter>
    </ClCompile>
    <ClCompile Include="Drivers\STM32F4xx_HAL_Driver\Src\stm32f4xx_hal_dac.c">
      <Filter>Drivers\STM32F4xx_HAL_Driver\Src</Filter>
    </ClCompile>
    <ClCompile Include="Drivers\STM32F4xx_HAL_Driver\Src\stm32f4xx_hal_dac_ex.c">
      <Filter>Drivers\STM32F4xx_HAL_Driver\Src</Filter>
    </ClCompile>
    <ClCompile Include="Drivers\STM32F4xx_HAL_Driver\Src\stm32f4xx_hal_dma.c">
      <Filter>Drivers\STM32F4xx_HAL_Driver\Src</Filter>
    </ClCompile>
    <ClCompile Include="Drivers\STM32F4xx_HAL_Driver\Src\stm32f4xx_hal_dma_ex.c">
      <Filter>Drivers\STM32F4xx_HAL_Driver\Src</Filter>
    </ClCompile>
    <ClCompile Include="Drivers\STM32F4xx_HAL_Driver\Src\stm32f4xx_hal_exti.c">
      <Filter>Drivers\STM32F4xx_HAL_Driver\Src</Filter>
    </ClCompile>
    <ClCompile Include="Drivers\STM32F4xx_HAL_Driver\Src\stm32f4xx_hal_flash.c">
      <Filter>Drivers\STM32F4xx_HAL_Driver\Src</Filter>
    </ClCompile>
    <ClCompile Include="Drivers\STM32F4xx_HAL_Driver\Src\stm32f4xx_hal_flash_ex.c">
      <Filter>Drivers\STM32F4xx_HAL_Driver\Src</Filter>
    </ClCompile>
    <ClCompile Include="Drivers\STM32F4xx_HAL_Driver\Src\stm32f4xx_hal_flash_ramfunc.c">
      <Filter>Drivers\STM32F4xx_HAL_Driver\Src</Filter>
    </ClCompile>
    <ClCompile Include="Drivers\STM32F4xx_HAL_Driver\Src\stm32f4xx_hal_gpio.c">
      <Filter>Drivers\STM32F4xx_HAL_Driver\Src</Filter>
    </ClCompile>
    <ClCompile Include="Drivers\STM32F4xx_HAL_Driver\Src\stm32f4xx_hal_pcd.c">
      <Filter>Drivers\STM32F4xx_HAL_Driver\Src</Filter>
    </ClCompile>
    <ClCompile Include="Drivers\STM32F4xx_HAL_Driver\Src\stm32f4xx_hal_pcd_ex.c">
      <Filter>Drivers\STM32F4xx_HAL_Driver\Src</Filter>
    </ClCompile>
    <ClCompile Include="Drivers\STM32F4xx_HAL_Driver\Src\stm32f4xx_hal_pwr.c">
      <Filter>Drivers\STM32F4xx_HAL_Driver\Src</Filter>
    </ClCompile>
    <ClCompile Include="Drivers\STM32F4xx_HAL_Driver\Src\stm32f4xx_hal_pwr_ex.c">
      <Filter>Drivers\STM32F4xx_HAL_Driver\Src</Filter>
    </ClCompile>
    <ClCompile Include="Drivers\STM32F4xx_HAL_Driver\Src\stm32f4xx_hal_rcc.c">
      <Filter>Drivers\STM32F4xx_HAL_Driver\Src</Filter>
    </ClCompile>
    <ClCompile Include="Drivers\STM32F4xx_HAL_Driver\Src\stm32f4xx_hal_rcc_ex.c">
      <Filter>Drivers\STM32F4xx_HAL_Driver\Src</Filter>
    </ClCompile>
    <ClCompile Include="Drivers\STM32F4xx_HAL_Driver\Src\stm32f4xx_hal_sram.c">
      <Filter>Drivers\STM32F4xx_HAL_Driver\Src</Filter>
    </ClCompile>
    <ClCompile Include="Drivers\STM32F4xx_HAL_Driver\Src\stm32f4xx_hal_tim.c">
      <Filter>Drivers\STM32F4xx_HAL_Driver\Src</Filter>
    </ClCompile>
    <ClCompile Include="Drivers\STM32F4xx_HAL_Driver\Src\stm32f4xx_hal_tim_ex.c">
      <Filter>Drivers\STM32F4xx_HAL_Driver\Src</Filter>
    </ClCompile>
    <ClCompile Include="Drivers\STM32F4xx_HAL_Driver\Src\stm32f4xx_ll_adc.c">
      <Filter>Drivers\STM32F4xx_HAL_Driver\Src</Filter>
    </ClCompile>
    <ClCompile Include="Drivers\STM32F4xx_HAL_Driver\Src\stm32f4xx_ll_fsmc.c">
      <Filter>Drivers\STM32F4xx_HAL_Driver\Src</Filter>
    </ClCompile>
    <ClCompile Include="Drivers\STM32F4xx_HAL_Driver\Src\stm32f4xx_ll_usb.c">
      <Filter>Drivers\STM32F4xx_HAL_Driver\Src</Filter>
    </ClCompile>
    <ClCompile Include="Pheonix\TouchLCD\GUI\gui.c">
      <Filter>Pheonix\TouchLCD\GUI</Filter>
    </ClCompile>
    <ClCompile Include="Pheonix\TouchLCD\lcd.c">
      <Filter>Pheonix\TouchLCD</Filter>
    </ClCompile>
    <ClCompile Include="Pheonix\TouchLCD\Drivers\SSD1963.c">
      <Filter>Pheonix\TouchLCD\Drivers</Filter>
    </ClCompile>
    <ClCompile Include="Pheonix\TouchLCD\lcd_dma.c">
      <Filter>Pheonix\TouchLCD</Filter>
    </ClCompile>
    <ClCompile Include="Pheonix\SPI\spi.c">
      <Filter>Pheonix\SPI</Filter>
    </ClCompile>
    <ClCompile Include="Pheonix\SPI\w25qxx.c">
      <Filter>Pheonix\SPI</Filter>
    </ClCompile>
    <ClCompile Include="Pheonix\GPIO\GPIO_Init.c">
      <Filter>Pheonix\GPIO</Filter>
    </ClCompile>
    <ClCompile Include="Pheonix\SPI\xpt2046.c">
      <Filter>Pheonix\SPI</Filter>
    </ClCompile>
    <ClCompile Include="Pheonix\SPI\sw_spi.c">
      <Filter>Pheonix\SPI</Filter>
    </ClCompile>
    <ClCompile Include="Pheonix\Timer\timer_pwm.c">
      <Filter>Pheonix\Timer</Filter>
    </ClCompile>
    <ClCompile Include="Pheonix\TouchLCD\GUI\display.c">
      <Filter>Pheonix\TouchLCD\GUI</Filter>
    </ClCompile>
    <ClCompile Include="Pheonix\TouchLCD\GUI\DisplayList.c">
      <Filter>Pheonix\TouchLCD\GUI</Filter>
    </ClCompile>
    <ClCompile Include="ICONS\icon_start.c">
      <Filter>Icons</Filter>
    </ClCompile>
    <ClCompile Include="Pheonix\TouchLCD\GUI\PanelMain.designer.c">
      <Filter>Pheonix\TouchLCD\GUI</Filter>
    </ClCompile>
    <ClCompile Include="Pheonix\TouchLCD\Widgets\label.c">
      <Filter>Pheonix\TouchLCD\Widgets</Filter>
    </ClCompile>
    <ClCompile Include="Pheonix\TouchLCD\Widgets\button.c">
      <Filter>Pheonix\TouchLCD\Widgets</Filter>
    </ClCompile>
    <ClCompile Include="Pheonix\TouchLCD\Widgets\widget.c">
      <Filter>Pheonix\TouchLCD\Widgets</Filter>
    </ClCompile>
    <ClCompile Include="Pheonix\TouchLCD\Widgets\panel.c">
      <Filter>Pheonix\TouchLCD\Widgets</Filter>
    </ClCompile>
    <ClCompile Include="Pheonix\taskmanager.c">
      <Filter>Pheonix</Filter>
    </ClCompile>
    <ClCompile Include="Pheonix\TouchLCD\lcd_touch.c">
      <Filter>Pheonix\TouchLCD</Filter>
    </ClCompile>
    <ClCompile Include="Pheonix\FLASH\4xx\flash_4xx.c">
      <Filter>Pheonix\FLASH\4xx</Filter>
    </ClCompile>
    <ClCompile Include="Pheonix\GPIO\pininit.c">
      <Filter>Pheonix\GPIO</Filter>
    </ClCompile>
    <ClCompile Include="Pheonix\TouchLCD\lcd_encoder.c">
      <Filter>Pheonix\TouchLCD</Filter>
    </ClCompile>
    <ClCompile Include="Pheonix\TouchLCD\Widgets\edit.c">
      <Filter>Pheonix\TouchLCD\Widgets</Filter>
    </ClCompile>
    <ClCompile Include="Pheonix\TouchLCD\Widgets\listbox.c">
      <Filter>Pheonix\TouchLCD\Widgets</Filter>
    </ClCompile>
  </ItemGroup>
  <ItemGroup>
    <LinkerScript Include="STM32F407VE_flash.lds">
      <Filter>Resource files</Filter>
    </LinkerScript>
  </ItemGroup>
</Project>